// !$*UTF8*$!
{
	archiveVersion = 1;
	classes = {
	};
	objectVersion = 46;
	objects = {

/* Begin PBXBuildFile section */
		9911048F19A5D7A100D2C12E /* GKCropBorderView.m in Sources */ = {isa = PBXBuildFile; fileRef = 9911048419A5D7A100D2C12E /* GKCropBorderView.m */; };
		9911049019A5D7A100D2C12E /* GKImageCropOverlayView.m in Sources */ = {isa = PBXBuildFile; fileRef = 9911048619A5D7A100D2C12E /* GKImageCropOverlayView.m */; };
		9911049119A5D7A100D2C12E /* GKImageCropView.m in Sources */ = {isa = PBXBuildFile; fileRef = 9911048819A5D7A100D2C12E /* GKImageCropView.m */; };
		9911049219A5D7A100D2C12E /* GKImageCropViewController.m in Sources */ = {isa = PBXBuildFile; fileRef = 9911048A19A5D7A100D2C12E /* GKImageCropViewController.m */; };
		9911049319A5D7A100D2C12E /* GKImagePicker.m in Sources */ = {isa = PBXBuildFile; fileRef = 9911048C19A5D7A100D2C12E /* GKImagePicker.m */; };
		9911049419A5D7A100D2C12E /* GKResizeableCropOverlayView.m in Sources */ = {isa = PBXBuildFile; fileRef = 9911048E19A5D7A100D2C12E /* GKResizeableCropOverlayView.m */; };
		9911049819A5D9F600D2C12E /* AppDelegate.m in Sources */ = {isa = PBXBuildFile; fileRef = 9911049719A5D9F600D2C12E /* AppDelegate.m */; };
		991104E619A6024100D2C12E /* GTLApiForecastMessageSpot.m in Sources */ = {isa = PBXBuildFile; fileRef = 991104E319A6024100D2C12E /* GTLApiForecastMessageSpot.m */; };
		991104E719A6024100D2C12E /* GTLApiForecastMessageSpotList.m in Sources */ = {isa = PBXBuildFile; fileRef = 991104E519A6024100D2C12E /* GTLApiForecastMessageSpotList.m */; };
		991104E919AB170F00D2C12E /* UserUpdateVCLogin.xib in Resources */ = {isa = PBXBuildFile; fileRef = 991104E819AB170F00D2C12E /* UserUpdateVCLogin.xib */; };
		9911050619B5BD3800D2C12E /* CellForecast.m in Sources */ = {isa = PBXBuildFile; fileRef = 9911050419B5BD3800D2C12E /* CellForecast.m */; };
		9911050719B5BD3800D2C12E /* CellForecast.xib in Resources */ = {isa = PBXBuildFile; fileRef = 9911050519B5BD3800D2C12E /* CellForecast.xib */; };
		9911051119B8365900D2C12E /* GTLApiForecastMessageSpot+Wrapper.m in Sources */ = {isa = PBXBuildFile; fileRef = 9911051019B8365900D2C12E /* GTLApiForecastMessageSpot+Wrapper.m */; };
		9912EEC01987ABED00E61777 /* Foundation.framework in Frameworks */ = {isa = PBXBuildFile; fileRef = 9912EEBF1987ABED00E61777 /* Foundation.framework */; };
		9912EEC21987ABED00E61777 /* CoreGraphics.framework in Frameworks */ = {isa = PBXBuildFile; fileRef = 9912EEC11987ABED00E61777 /* CoreGraphics.framework */; };
		9912EEC41987ABED00E61777 /* UIKit.framework in Frameworks */ = {isa = PBXBuildFile; fileRef = 9912EEC31987ABED00E61777 /* UIKit.framework */; };
		9912EECA1987ABED00E61777 /* InfoPlist.strings in Resources */ = {isa = PBXBuildFile; fileRef = 9912EEC81987ABED00E61777 /* InfoPlist.strings */; };
		9912EECC1987ABED00E61777 /* main.m in Sources */ = {isa = PBXBuildFile; fileRef = 9912EECB1987ABED00E61777 /* main.m */; };
		9912EED21987ABED00E61777 /* Images.xcassets in Resources */ = {isa = PBXBuildFile; fileRef = 9912EED11987ABED00E61777 /* Images.xcassets */; };
		9912EEF21987AFA500E61777 /* InfoPlist.strings in Resources */ = {isa = PBXBuildFile; fileRef = 9912EEEE1987AFA500E61777 /* InfoPlist.strings */; };
		9912EEF31987AFA500E61777 /* Localizable.strings in Resources */ = {isa = PBXBuildFile; fileRef = 9912EEF01987AFA500E61777 /* Localizable.strings */; };
		9912EF591987AFB600E61777 /* GTMGatherInputStream.m in Sources */ = {isa = PBXBuildFile; fileRef = 9912EF0F1987AFB600E61777 /* GTMGatherInputStream.m */; settings = {COMPILER_FLAGS = "-fno-objc-arc"; }; };
		9912EF5A1987AFB600E61777 /* GTMHTTPFetcher.m in Sources */ = {isa = PBXBuildFile; fileRef = 9912EF111987AFB600E61777 /* GTMHTTPFetcher.m */; settings = {COMPILER_FLAGS = "-fno-objc-arc"; }; };
		9912EF5B1987AFB600E61777 /* GTMHTTPFetcherLogging.m in Sources */ = {isa = PBXBuildFile; fileRef = 9912EF161987AFB600E61777 /* GTMHTTPFetcherLogging.m */; settings = {COMPILER_FLAGS = "-fno-objc-arc"; }; };
		9912EF5C1987AFB600E61777 /* GTMHTTPFetcherLogViewController.m in Sources */ = {isa = PBXBuildFile; fileRef = 9912EF181987AFB600E61777 /* GTMHTTPFetcherLogViewController.m */; settings = {COMPILER_FLAGS = "-fno-objc-arc"; }; };
		9912EF5D1987AFB600E61777 /* GTMHTTPFetcherService.m in Sources */ = {isa = PBXBuildFile; fileRef = 9912EF1A1987AFB600E61777 /* GTMHTTPFetcherService.m */; settings = {COMPILER_FLAGS = "-fno-objc-arc"; }; };
		9912EF5E1987AFB600E61777 /* GTMHTTPFetchHistory.m in Sources */ = {isa = PBXBuildFile; fileRef = 9912EF1C1987AFB600E61777 /* GTMHTTPFetchHistory.m */; settings = {COMPILER_FLAGS = "-fno-objc-arc"; }; };
		9912EF5F1987AFB600E61777 /* GTMHTTPUploadFetcher.m in Sources */ = {isa = PBXBuildFile; fileRef = 9912EF1E1987AFB600E61777 /* GTMHTTPUploadFetcher.m */; settings = {COMPILER_FLAGS = "-fno-objc-arc"; }; };
		9912EF601987AFB600E61777 /* GTMMIMEDocument.m in Sources */ = {isa = PBXBuildFile; fileRef = 9912EF201987AFB600E61777 /* GTMMIMEDocument.m */; settings = {COMPILER_FLAGS = "-fno-objc-arc"; }; };
		9912EF611987AFB600E61777 /* GTMReadMonitorInputStream.m in Sources */ = {isa = PBXBuildFile; fileRef = 9912EF221987AFB600E61777 /* GTMReadMonitorInputStream.m */; settings = {COMPILER_FLAGS = "-fno-objc-arc"; }; };
		9912EF621987AFB600E61777 /* ReleaseNotes.txt in Resources */ = {isa = PBXBuildFile; fileRef = 9912EF231987AFB600E61777 /* ReleaseNotes.txt */; };
		9912EF631987AFB600E61777 /* UnitTests-Info.plist in Resources */ = {isa = PBXBuildFile; fileRef = 9912EF241987AFB600E61777 /* UnitTests-Info.plist */; };
		9912EF641987AFB600E61777 /* GTMOAuth2Authentication.m in Sources */ = {isa = PBXBuildFile; fileRef = 9912EF2A1987AFB600E61777 /* GTMOAuth2Authentication.m */; settings = {COMPILER_FLAGS = "-fno-objc-arc"; }; };
		9912EF651987AFB600E61777 /* GTMOAuth2SignIn.m in Sources */ = {isa = PBXBuildFile; fileRef = 9912EF2C1987AFB600E61777 /* GTMOAuth2SignIn.m */; settings = {COMPILER_FLAGS = "-fno-objc-arc"; }; };
		9912EF661987AFB600E61777 /* ReleaseNotes.txt in Resources */ = {isa = PBXBuildFile; fileRef = 9912EF2D1987AFB600E61777 /* ReleaseNotes.txt */; };
		9912EF671987AFB600E61777 /* GTMOAuth2ViewControllerTouch.m in Sources */ = {isa = PBXBuildFile; fileRef = 9912EF301987AFB600E61777 /* GTMOAuth2ViewControllerTouch.m */; settings = {COMPILER_FLAGS = "-fno-objc-arc"; }; };
		9912EF681987AFB600E61777 /* GTMOAuth2ViewTouch.xib in Resources */ = {isa = PBXBuildFile; fileRef = 9912EF311987AFB600E61777 /* GTMOAuth2ViewTouch.xib */; };
		9912EF691987AFB600E61777 /* GTLBatchQuery.m in Sources */ = {isa = PBXBuildFile; fileRef = 9912EF341987AFB600E61777 /* GTLBatchQuery.m */; settings = {COMPILER_FLAGS = "-fno-objc-arc"; }; };
		9912EF6A1987AFB600E61777 /* GTLBatchResult.m in Sources */ = {isa = PBXBuildFile; fileRef = 9912EF361987AFB600E61777 /* GTLBatchResult.m */; settings = {COMPILER_FLAGS = "-fno-objc-arc"; }; };
		9912EF6B1987AFB600E61777 /* GTLDateTime.m in Sources */ = {isa = PBXBuildFile; fileRef = 9912EF381987AFB600E61777 /* GTLDateTime.m */; settings = {COMPILER_FLAGS = "-fno-objc-arc"; }; };
		9912EF6C1987AFB600E61777 /* GTLErrorObject.m in Sources */ = {isa = PBXBuildFile; fileRef = 9912EF3A1987AFB600E61777 /* GTLErrorObject.m */; settings = {COMPILER_FLAGS = "-fno-objc-arc"; }; };
		9912EF6D1987AFB600E61777 /* GTLObject.m in Sources */ = {isa = PBXBuildFile; fileRef = 9912EF3C1987AFB600E61777 /* GTLObject.m */; settings = {COMPILER_FLAGS = "-fno-objc-arc"; }; };
		9912EF6E1987AFB600E61777 /* GTLQuery.m in Sources */ = {isa = PBXBuildFile; fileRef = 9912EF3E1987AFB600E61777 /* GTLQuery.m */; settings = {COMPILER_FLAGS = "-fno-objc-arc"; }; };
		9912EF6F1987AFB600E61777 /* GTLRuntimeCommon.m in Sources */ = {isa = PBXBuildFile; fileRef = 9912EF401987AFB600E61777 /* GTLRuntimeCommon.m */; settings = {COMPILER_FLAGS = "-fno-objc-arc"; }; };
		9912EF701987AFB600E61777 /* GTLService.m in Sources */ = {isa = PBXBuildFile; fileRef = 9912EF421987AFB600E61777 /* GTLService.m */; settings = {COMPILER_FLAGS = "-fno-objc-arc"; }; };
		9912EF711987AFB600E61777 /* GTLUploadParameters.m in Sources */ = {isa = PBXBuildFile; fileRef = 9912EF441987AFB600E61777 /* GTLUploadParameters.m */; settings = {COMPILER_FLAGS = "-fno-objc-arc"; }; };
		9912EF721987AFB600E61777 /* GTLBase64.m in Sources */ = {isa = PBXBuildFile; fileRef = 9912EF471987AFB600E61777 /* GTLBase64.m */; settings = {COMPILER_FLAGS = "-fno-objc-arc"; }; };
		9912EF731987AFB600E61777 /* GTLFramework.m in Sources */ = {isa = PBXBuildFile; fileRef = 9912EF491987AFB600E61777 /* GTLFramework.m */; settings = {COMPILER_FLAGS = "-fno-objc-arc"; }; };
		9912EF741987AFB600E61777 /* GTLJSONParser.m in Sources */ = {isa = PBXBuildFile; fileRef = 9912EF4B1987AFB600E61777 /* GTLJSONParser.m */; settings = {COMPILER_FLAGS = "-fno-objc-arc"; }; };
		9912EF751987AFB600E61777 /* GTLUtilities.m in Sources */ = {isa = PBXBuildFile; fileRef = 9912EF4E1987AFB600E61777 /* GTLUtilities.m */; settings = {COMPILER_FLAGS = "-fno-objc-arc"; }; };
		9912EFBD1987AFC500E61777 /* NSDictionary+APIErrors.m in Sources */ = {isa = PBXBuildFile; fileRef = 9912EF871987AFC500E61777 /* NSDictionary+APIErrors.m */; };
		9912EFBE1987AFC500E61777 /* NSError+Helpers.m in Sources */ = {isa = PBXBuildFile; fileRef = 9912EF891987AFC500E61777 /* NSError+Helpers.m */; };
		9912EFBF1987AFC500E61777 /* NSString+Helpers.m in Sources */ = {isa = PBXBuildFile; fileRef = 9912EF8B1987AFC500E61777 /* NSString+Helpers.m */; };
		9912EFC01987AFC500E61777 /* Reachability.m in Sources */ = {isa = PBXBuildFile; fileRef = 9912EF8F1987AFC500E61777 /* Reachability.m */; };
		9912EFC11987AFC500E61777 /* Utils.m in Sources */ = {isa = PBXBuildFile; fileRef = 9912EF911987AFC500E61777 /* Utils.m */; };
		9912EFC21987AFC500E61777 /* UIViewController+dismissSelf.m in Sources */ = {isa = PBXBuildFile; fileRef = 9912EF941987AFC500E61777 /* UIViewController+dismissSelf.m */; };
		9912EFC31987AFC500E61777 /* UIViewController+Lock.m in Sources */ = {isa = PBXBuildFile; fileRef = 9912EF961987AFC500E61777 /* UIViewController+Lock.m */; };
		9912EFC41987AFC500E61777 /* BorderedTextField.m in Sources */ = {isa = PBXBuildFile; fileRef = 9912EF991987AFC500E61777 /* BorderedTextField.m */; };
		9912EFC51987AFC500E61777 /* LoadingView.m in Sources */ = {isa = PBXBuildFile; fileRef = 9912EF9C1987AFC500E61777 /* LoadingView.m */; };
		9912EFC61987AFC500E61777 /* LoadingView.xib in Resources */ = {isa = PBXBuildFile; fileRef = 9912EF9D1987AFC500E61777 /* LoadingView.xib */; };
		9912EFC71987AFC500E61777 /* MAOInputAccessoryView.m in Sources */ = {isa = PBXBuildFile; fileRef = 9912EFA01987AFC500E61777 /* MAOInputAccessoryView.m */; };
		9912EFC81987AFC500E61777 /* MAOKeyboardHelper.m in Sources */ = {isa = PBXBuildFile; fileRef = 9912EFA21987AFC500E61777 /* MAOKeyboardHelper.m */; };
		9912EFC91987AFC500E61777 /* UIColor+maoConversion.m in Sources */ = {isa = PBXBuildFile; fileRef = 9912EFA41987AFC500E61777 /* UIColor+maoConversion.m */; };
		9912EFCA1987AFC500E61777 /* UIView+maoAnimation.m in Sources */ = {isa = PBXBuildFile; fileRef = 9912EFA61987AFC500E61777 /* UIView+maoAnimation.m */; };
		9912EFCB1987AFC500E61777 /* UIView+maoDimensions.m in Sources */ = {isa = PBXBuildFile; fileRef = 9912EFA81987AFC500E61777 /* UIView+maoDimensions.m */; };
		9912EFCC1987AFC500E61777 /* UIView+maoLayerAccess.m in Sources */ = {isa = PBXBuildFile; fileRef = 9912EFAA1987AFC500E61777 /* UIView+maoLayerAccess.m */; };
		9912EFCD1987AFC500E61777 /* MenuBarButtonItem.m in Sources */ = {isa = PBXBuildFile; fileRef = 9912EFAC1987AFC500E61777 /* MenuBarButtonItem.m */; };
		9912EFCE1987AFC500E61777 /* NSMutableAttributedString+Attributes.m in Sources */ = {isa = PBXBuildFile; fileRef = 9912EFAE1987AFC500E61777 /* NSMutableAttributedString+Attributes.m */; };
		9912EFCF1987AFC500E61777 /* NSString+formattedText.m in Sources */ = {isa = PBXBuildFile; fileRef = 9912EFB01987AFC500E61777 /* NSString+formattedText.m */; };
		9912EFD01987AFC500E61777 /* PhoneTextField.m in Sources */ = {isa = PBXBuildFile; fileRef = 9912EFB21987AFC500E61777 /* PhoneTextField.m */; };
		9912EFD11987AFC500E61777 /* UIImage+TintColor.m in Sources */ = {isa = PBXBuildFile; fileRef = 9912EFB41987AFC500E61777 /* UIImage+TintColor.m */; };
		9912EFD21987AFC500E61777 /* UIImage+Tools.m in Sources */ = {isa = PBXBuildFile; fileRef = 9912EFB61987AFC500E61777 /* UIImage+Tools.m */; };
		9912EFD31987AFC500E61777 /* UILabel+formattedText.m in Sources */ = {isa = PBXBuildFile; fileRef = 9912EFB81987AFC500E61777 /* UILabel+formattedText.m */; };
		9912EFD41987AFC500E61777 /* UILabel+SizeToFit.m in Sources */ = {isa = PBXBuildFile; fileRef = 9912EFBA1987AFC500E61777 /* UILabel+SizeToFit.m */; };
		9912EFD51987AFC500E61777 /* UIView+NibLoading.m in Sources */ = {isa = PBXBuildFile; fileRef = 9912EFBC1987AFC500E61777 /* UIView+NibLoading.m */; };
		9912EFE81987B0B600E61777 /* GTLApiConstants.m in Sources */ = {isa = PBXBuildFile; fileRef = 9912EFD91987B0B600E61777 /* GTLApiConstants.m */; };
		9912EFE91987B0B600E61777 /* GTLApiUserMessageLoginInfo.m in Sources */ = {isa = PBXBuildFile; fileRef = 9912EFDB1987B0B600E61777 /* GTLApiUserMessageLoginInfo.m */; };
		9912EFEA1987B0B600E61777 /* GTLApiUserMessagePasswordRequsest.m in Sources */ = {isa = PBXBuildFile; fileRef = 9912EFDD1987B0B600E61777 /* GTLApiUserMessagePasswordRequsest.m */; };
		9912EFEB1987B0B600E61777 /* GTLApiUserMessageSession.m in Sources */ = {isa = PBXBuildFile; fileRef = 9912EFDF1987B0B600E61777 /* GTLApiUserMessageSession.m */; };
		9912EFEC1987B0B600E61777 /* GTLApiUserMessageTools.m in Sources */ = {isa = PBXBuildFile; fileRef = 9912EFE11987B0B600E61777 /* GTLApiUserMessageTools.m */; };
		9912EFED1987B0B600E61777 /* GTLApiUserMessageUser.m in Sources */ = {isa = PBXBuildFile; fileRef = 9912EFE31987B0B600E61777 /* GTLApiUserMessageUser.m */; };
		9912EFEE1987B0B600E61777 /* GTLQueryApi.m in Sources */ = {isa = PBXBuildFile; fileRef = 9912EFE51987B0B600E61777 /* GTLQueryApi.m */; };
		9912EFEF1987B0B600E61777 /* GTLServiceApi.m in Sources */ = {isa = PBXBuildFile; fileRef = 9912EFE71987B0B600E61777 /* GTLServiceApi.m */; };
		999DF95119B9F27E000534F5 /* PlanVC.m in Sources */ = {isa = PBXBuildFile; fileRef = 999DF94F19B9F27E000534F5 /* PlanVC.m */; };
		999DF95219B9F27E000534F5 /* PlanVC.xib in Resources */ = {isa = PBXBuildFile; fileRef = 999DF95019B9F27E000534F5 /* PlanVC.xib */; };
		999DF95619B9F452000534F5 /* CellPlan.m in Sources */ = {isa = PBXBuildFile; fileRef = 999DF95419B9F452000534F5 /* CellPlan.m */; };
		999DF95719B9F452000534F5 /* CellPlan.xib in Resources */ = {isa = PBXBuildFile; fileRef = 999DF95519B9F452000534F5 /* CellPlan.xib */; };
		999F30991990EEB4008CB0AD /* Barnaul_Aviator.html in Resources */ = {isa = PBXBuildFile; fileRef = 999F308E1990EEB4008CB0AD /* Barnaul_Aviator.html */; };
		999F309A1990EEB4008CB0AD /* Berdsk.html in Resources */ = {isa = PBXBuildFile; fileRef = 999F308F1990EEB4008CB0AD /* Berdsk.html */; };
		999F309B1990EEB4008CB0AD /* Bistrovka.html in Resources */ = {isa = PBXBuildFile; fileRef = 999F30901990EEB4008CB0AD /* Bistrovka.html */; };
		999F309C1990EEB4008CB0AD /* Gorkoe_Kamen.html in Resources */ = {isa = PBXBuildFile; fileRef = 999F30911990EEB4008CB0AD /* Gorkoe_Kamen.html */; };
		999F309D1990EEB4008CB0AD /* Krasnyi_Yar.html in Resources */ = {isa = PBXBuildFile; fileRef = 999F30921990EEB4008CB0AD /* Krasnyi_Yar.html */; };
		999F309E1990EEB4008CB0AD /* Lazurnay.html in Resources */ = {isa = PBXBuildFile; fileRef = 999F30931990EEB4008CB0AD /* Lazurnay.html */; };
		999F309F1990EEB4008CB0AD /* Neokom.html in Resources */ = {isa = PBXBuildFile; fileRef = 999F30941990EEB4008CB0AD /* Neokom.html */; };
		999F30A01990EEB4008CB0AD /* Novichiha.html in Resources */ = {isa = PBXBuildFile; fileRef = 999F30951990EEB4008CB0AD /* Novichiha.html */; };
		999F30A11990EEB4008CB0AD /* Omsk.html in Resources */ = {isa = PBXBuildFile; fileRef = 999F30961990EEB4008CB0AD /* Omsk.html */; };
		999F30A21990EEB4008CB0AD /* Savvushka.html in Resources */ = {isa = PBXBuildFile; fileRef = 999F30971990EEB4008CB0AD /* Savvushka.html */; };
		999F30A31990EEB4008CB0AD /* Topolnoe.html in Resources */ = {isa = PBXBuildFile; fileRef = 999F30981990EEB4008CB0AD /* Topolnoe.html */; };
		999F30B31992251C008CB0AD /* RNCachingURLProtocol.m in Sources */ = {isa = PBXBuildFile; fileRef = 999F30B21992251C008CB0AD /* RNCachingURLProtocol.m */; };
		999F30BD1998D88E008CB0AD /* AuthVC.m in Sources */ = {isa = PBXBuildFile; fileRef = 999F30B61998D88E008CB0AD /* AuthVC.m */; };
		999F30BE1998D88E008CB0AD /* AuthVC.xib in Resources */ = {isa = PBXBuildFile; fileRef = 999F30B71998D88E008CB0AD /* AuthVC.xib */; };
		999F30BF1998D88E008CB0AD /* APNSManager.m in Sources */ = {isa = PBXBuildFile; fileRef = 999F30BA1998D88E008CB0AD /* APNSManager.m */; };
		999F30C01998D88E008CB0AD /* UserManager.m in Sources */ = {isa = PBXBuildFile; fileRef = 999F30BC1998D88E008CB0AD /* UserManager.m */; };
		999F30C41998D8AB008CB0AD /* UserUpdateVC.m in Sources */ = {isa = PBXBuildFile; fileRef = 999F30C21998D8AB008CB0AD /* UserUpdateVC.m */; };
		999F30C51998D8AB008CB0AD /* UserUpdateVC.xib in Resources */ = {isa = PBXBuildFile; fileRef = 999F30C31998D8AB008CB0AD /* UserUpdateVC.xib */; };
		999F30CA1998DD69008CB0AD /* GTLApiUserMessageRegion.m in Sources */ = {isa = PBXBuildFile; fileRef = 999F30C71998DD69008CB0AD /* GTLApiUserMessageRegion.m */; };
		999F30CB1998DD69008CB0AD /* GTLApiUserMessageRegionList.m in Sources */ = {isa = PBXBuildFile; fileRef = 999F30C91998DD69008CB0AD /* GTLApiUserMessageRegionList.m */; };
		99A51F08199A004600328CE7 /* GTLApiUserMessageUser+Wrapper.m in Sources */ = {isa = PBXBuildFile; fileRef = 99A51F07199A004600328CE7 /* GTLApiUserMessageUser+Wrapper.m */; };
		99E872E21990D3590099C3BC /* ForecastsVC.m in Sources */ = {isa = PBXBuildFile; fileRef = 99E872E01990D3590099C3BC /* ForecastsVC.m */; };
		99E872E31990D3590099C3BC /* ForecastsVC.xib in Resources */ = {isa = PBXBuildFile; fileRef = 99E872E11990D3590099C3BC /* ForecastsVC.xib */; };
		C7B6946F98BC42AFB02F302B /* libPods.a in Frameworks */ = {isa = PBXBuildFile; fileRef = 374A293411F74D2D8BCD26EF /* libPods.a */; };
/* End PBXBuildFile section */

/* Begin PBXContainerItemProxy section */
		9912EF781987AFB600E61777 /* PBXContainerItemProxy */ = {
			isa = PBXContainerItemProxy;
			containerPortal = 9912EF121987AFB600E61777 /* GTMHTTPFetcher.xcodeproj */;
			proxyType = 2;
			remoteGlobalIDString = D2AAC07E0554694100DB518D;
			remoteInfo = GTMHTTPFetcherLib;
		};
		9912EF7A1987AFB600E61777 /* PBXContainerItemProxy */ = {
			isa = PBXContainerItemProxy;
			containerPortal = 9912EF121987AFB600E61777 /* GTMHTTPFetcher.xcodeproj */;
			proxyType = 2;
			remoteGlobalIDString = 4F74D92F11E68BD300F2D927;
			remoteInfo = UnitTests;
		};
		9912EF801987AFB600E61777 /* PBXContainerItemProxy */ = {
			isa = PBXContainerItemProxy;
			containerPortal = 9912EF261987AFB600E61777 /* GTMOAuth2.xcodeproj */;
			proxyType = 2;
			remoteGlobalIDString = D2AAC07E0554694100DB518D;
			remoteInfo = OAuthTouchStaticLib;
		};
		9912EF821987AFB600E61777 /* PBXContainerItemProxy */ = {
			isa = PBXContainerItemProxy;
			containerPortal = 9912EF261987AFB600E61777 /* GTMOAuth2.xcodeproj */;
			proxyType = 2;
			remoteGlobalIDString = 4FC754FA13E77E25006A0C26;
			remoteInfo = OAuthTouchNonGoogleStaticLib;
		};
/* End PBXContainerItemProxy section */

/* Begin PBXFileReference section */
		374A293411F74D2D8BCD26EF /* libPods.a */ = {isa = PBXFileReference; explicitFileType = archive.ar; includeInIndex = 0; path = libPods.a; sourceTree = BUILT_PRODUCTS_DIR; };
		5E9BB2E0A1924D3FB4A6F23B /* Pods.xcconfig */ = {isa = PBXFileReference; includeInIndex = 1; lastKnownFileType = text.xcconfig; name = Pods.xcconfig; path = Pods/Pods.xcconfig; sourceTree = "<group>"; };
		9911048319A5D7A100D2C12E /* GKCropBorderView.h */ = {isa = PBXFileReference; fileEncoding = 4; lastKnownFileType = sourcecode.c.h; path = GKCropBorderView.h; sourceTree = "<group>"; };
		9911048419A5D7A100D2C12E /* GKCropBorderView.m */ = {isa = PBXFileReference; fileEncoding = 4; lastKnownFileType = sourcecode.c.objc; path = GKCropBorderView.m; sourceTree = "<group>"; };
		9911048519A5D7A100D2C12E /* GKImageCropOverlayView.h */ = {isa = PBXFileReference; fileEncoding = 4; lastKnownFileType = sourcecode.c.h; path = GKImageCropOverlayView.h; sourceTree = "<group>"; };
		9911048619A5D7A100D2C12E /* GKImageCropOverlayView.m */ = {isa = PBXFileReference; fileEncoding = 4; lastKnownFileType = sourcecode.c.objc; path = GKImageCropOverlayView.m; sourceTree = "<group>"; };
		9911048719A5D7A100D2C12E /* GKImageCropView.h */ = {isa = PBXFileReference; fileEncoding = 4; lastKnownFileType = sourcecode.c.h; path = GKImageCropView.h; sourceTree = "<group>"; };
		9911048819A5D7A100D2C12E /* GKImageCropView.m */ = {isa = PBXFileReference; fileEncoding = 4; lastKnownFileType = sourcecode.c.objc; path = GKImageCropView.m; sourceTree = "<group>"; };
		9911048919A5D7A100D2C12E /* GKImageCropViewController.h */ = {isa = PBXFileReference; fileEncoding = 4; lastKnownFileType = sourcecode.c.h; path = GKImageCropViewController.h; sourceTree = "<group>"; };
		9911048A19A5D7A100D2C12E /* GKImageCropViewController.m */ = {isa = PBXFileReference; fileEncoding = 4; lastKnownFileType = sourcecode.c.objc; path = GKImageCropViewController.m; sourceTree = "<group>"; };
		9911048B19A5D7A100D2C12E /* GKImagePicker.h */ = {isa = PBXFileReference; fileEncoding = 4; lastKnownFileType = sourcecode.c.h; path = GKImagePicker.h; sourceTree = "<group>"; };
		9911048C19A5D7A100D2C12E /* GKImagePicker.m */ = {isa = PBXFileReference; fileEncoding = 4; lastKnownFileType = sourcecode.c.objc; path = GKImagePicker.m; sourceTree = "<group>"; };
		9911048D19A5D7A100D2C12E /* GKResizeableCropOverlayView.h */ = {isa = PBXFileReference; fileEncoding = 4; lastKnownFileType = sourcecode.c.h; path = GKResizeableCropOverlayView.h; sourceTree = "<group>"; };
		9911048E19A5D7A100D2C12E /* GKResizeableCropOverlayView.m */ = {isa = PBXFileReference; fileEncoding = 4; lastKnownFileType = sourcecode.c.objc; path = GKResizeableCropOverlayView.m; sourceTree = "<group>"; };
		9911049619A5D9F600D2C12E /* AppDelegate.h */ = {isa = PBXFileReference; fileEncoding = 4; lastKnownFileType = sourcecode.c.h; path = AppDelegate.h; sourceTree = "<group>"; };
		9911049719A5D9F600D2C12E /* AppDelegate.m */ = {isa = PBXFileReference; fileEncoding = 4; lastKnownFileType = sourcecode.c.objc; path = AppDelegate.m; sourceTree = "<group>"; };
		991104E219A6024100D2C12E /* GTLApiForecastMessageSpot.h */ = {isa = PBXFileReference; fileEncoding = 4; lastKnownFileType = sourcecode.c.h; path = GTLApiForecastMessageSpot.h; sourceTree = "<group>"; };
		991104E319A6024100D2C12E /* GTLApiForecastMessageSpot.m */ = {isa = PBXFileReference; fileEncoding = 4; lastKnownFileType = sourcecode.c.objc; path = GTLApiForecastMessageSpot.m; sourceTree = "<group>"; };
		991104E419A6024100D2C12E /* GTLApiForecastMessageSpotList.h */ = {isa = PBXFileReference; fileEncoding = 4; lastKnownFileType = sourcecode.c.h; path = GTLApiForecastMessageSpotList.h; sourceTree = "<group>"; };
		991104E519A6024100D2C12E /* GTLApiForecastMessageSpotList.m */ = {isa = PBXFileReference; fileEncoding = 4; lastKnownFileType = sourcecode.c.objc; path = GTLApiForecastMessageSpotList.m; sourceTree = "<group>"; };
		991104E819AB170F00D2C12E /* UserUpdateVCLogin.xib */ = {isa = PBXFileReference; fileEncoding = 4; lastKnownFileType = file.xib; path = UserUpdateVCLogin.xib; sourceTree = "<group>"; };
		991104F619AF363400D2C12E /* TabbedVCProto.h */ = {isa = PBXFileReference; lastKnownFileType = sourcecode.c.h; path = TabbedVCProto.h; sourceTree = "<group>"; };
		9911050319B5BD3800D2C12E /* CellForecast.h */ = {isa = PBXFileReference; fileEncoding = 4; lastKnownFileType = sourcecode.c.h; path = CellForecast.h; sourceTree = "<group>"; };
		9911050419B5BD3800D2C12E /* CellForecast.m */ = {isa = PBXFileReference; fileEncoding = 4; lastKnownFileType = sourcecode.c.objc; path = CellForecast.m; sourceTree = "<group>"; };
		9911050519B5BD3800D2C12E /* CellForecast.xib */ = {isa = PBXFileReference; fileEncoding = 4; lastKnownFileType = file.xib; path = CellForecast.xib; sourceTree = "<group>"; };
		9911050F19B8365900D2C12E /* GTLApiForecastMessageSpot+Wrapper.h */ = {isa = PBXFileReference; fileEncoding = 4; lastKnownFileType = sourcecode.c.h; path = "GTLApiForecastMessageSpot+Wrapper.h"; sourceTree = "<group>"; };
		9911051019B8365900D2C12E /* GTLApiForecastMessageSpot+Wrapper.m */ = {isa = PBXFileReference; fileEncoding = 4; lastKnownFileType = sourcecode.c.objc; path = "GTLApiForecastMessageSpot+Wrapper.m"; sourceTree = "<group>"; };
		9912EEBC1987ABED00E61777 /* Zakitenem.app */ = {isa = PBXFileReference; explicitFileType = wrapper.application; includeInIndex = 0; path = Zakitenem.app; sourceTree = BUILT_PRODUCTS_DIR; };
		9912EEBF1987ABED00E61777 /* Foundation.framework */ = {isa = PBXFileReference; lastKnownFileType = wrapper.framework; name = Foundation.framework; path = System/Library/Frameworks/Foundation.framework; sourceTree = SDKROOT; };
		9912EEC11987ABED00E61777 /* CoreGraphics.framework */ = {isa = PBXFileReference; lastKnownFileType = wrapper.framework; name = CoreGraphics.framework; path = System/Library/Frameworks/CoreGraphics.framework; sourceTree = SDKROOT; };
		9912EEC31987ABED00E61777 /* UIKit.framework */ = {isa = PBXFileReference; lastKnownFileType = wrapper.framework; name = UIKit.framework; path = System/Library/Frameworks/UIKit.framework; sourceTree = SDKROOT; };
		9912EEC71987ABED00E61777 /* Zakitenem-Info.plist */ = {isa = PBXFileReference; lastKnownFileType = text.plist.xml; path = "Zakitenem-Info.plist"; sourceTree = "<group>"; };
		9912EEC91987ABED00E61777 /* en */ = {isa = PBXFileReference; lastKnownFileType = text.plist.strings; name = en; path = en.lproj/InfoPlist.strings; sourceTree = "<group>"; };
		9912EECB1987ABED00E61777 /* main.m */ = {isa = PBXFileReference; lastKnownFileType = sourcecode.c.objc; path = main.m; sourceTree = "<group>"; };
		9912EECD1987ABED00E61777 /* Zakitenem-Prefix.pch */ = {isa = PBXFileReference; lastKnownFileType = sourcecode.c.h; path = "Zakitenem-Prefix.pch"; sourceTree = "<group>"; };
		9912EED11987ABED00E61777 /* Images.xcassets */ = {isa = PBXFileReference; lastKnownFileType = folder.assetcatalog; path = Images.xcassets; sourceTree = "<group>"; };
		9912EED81987ABED00E61777 /* XCTest.framework */ = {isa = PBXFileReference; lastKnownFileType = wrapper.framework; name = XCTest.framework; path = Library/Frameworks/XCTest.framework; sourceTree = DEVELOPER_DIR; };
		9912EEEF1987AFA500E61777 /* ru */ = {isa = PBXFileReference; lastKnownFileType = text.plist.strings; name = ru; path = ru.lproj/InfoPlist.strings; sourceTree = "<group>"; };
		9912EEF11987AFA500E61777 /* ru */ = {isa = PBXFileReference; lastKnownFileType = text.plist.strings; name = ru; path = ru.lproj/Localizable.strings; sourceTree = "<group>"; };
		9912EF081987AFB600E61777 /* GTLDefines.h */ = {isa = PBXFileReference; fileEncoding = 4; lastKnownFileType = sourcecode.c.h; path = GTLDefines.h; sourceTree = "<group>"; };
		9912EF0E1987AFB600E61777 /* GTMGatherInputStream.h */ = {isa = PBXFileReference; fileEncoding = 4; lastKnownFileType = sourcecode.c.h; path = GTMGatherInputStream.h; sourceTree = "<group>"; };
		9912EF0F1987AFB600E61777 /* GTMGatherInputStream.m */ = {isa = PBXFileReference; fileEncoding = 4; lastKnownFileType = sourcecode.c.objc; path = GTMGatherInputStream.m; sourceTree = "<group>"; };
		9912EF101987AFB600E61777 /* GTMHTTPFetcher.h */ = {isa = PBXFileReference; fileEncoding = 4; lastKnownFileType = sourcecode.c.h; path = GTMHTTPFetcher.h; sourceTree = "<group>"; };
		9912EF111987AFB600E61777 /* GTMHTTPFetcher.m */ = {isa = PBXFileReference; fileEncoding = 4; lastKnownFileType = sourcecode.c.objc; path = GTMHTTPFetcher.m; sourceTree = "<group>"; };
		9912EF121987AFB600E61777 /* GTMHTTPFetcher.xcodeproj */ = {isa = PBXFileReference; lastKnownFileType = "wrapper.pb-project"; path = GTMHTTPFetcher.xcodeproj; sourceTree = "<group>"; };
		9912EF151987AFB600E61777 /* GTMHTTPFetcherLogging.h */ = {isa = PBXFileReference; fileEncoding = 4; lastKnownFileType = sourcecode.c.h; path = GTMHTTPFetcherLogging.h; sourceTree = "<group>"; };
		9912EF161987AFB600E61777 /* GTMHTTPFetcherLogging.m */ = {isa = PBXFileReference; fileEncoding = 4; lastKnownFileType = sourcecode.c.objc; path = GTMHTTPFetcherLogging.m; sourceTree = "<group>"; };
		9912EF171987AFB600E61777 /* GTMHTTPFetcherLogViewController.h */ = {isa = PBXFileReference; fileEncoding = 4; lastKnownFileType = sourcecode.c.h; path = GTMHTTPFetcherLogViewController.h; sourceTree = "<group>"; };
		9912EF181987AFB600E61777 /* GTMHTTPFetcherLogViewController.m */ = {isa = PBXFileReference; fileEncoding = 4; lastKnownFileType = sourcecode.c.objc; path = GTMHTTPFetcherLogViewController.m; sourceTree = "<group>"; };
		9912EF191987AFB600E61777 /* GTMHTTPFetcherService.h */ = {isa = PBXFileReference; fileEncoding = 4; lastKnownFileType = sourcecode.c.h; path = GTMHTTPFetcherService.h; sourceTree = "<group>"; };
		9912EF1A1987AFB600E61777 /* GTMHTTPFetcherService.m */ = {isa = PBXFileReference; fileEncoding = 4; lastKnownFileType = sourcecode.c.objc; path = GTMHTTPFetcherService.m; sourceTree = "<group>"; };
		9912EF1B1987AFB600E61777 /* GTMHTTPFetchHistory.h */ = {isa = PBXFileReference; fileEncoding = 4; lastKnownFileType = sourcecode.c.h; path = GTMHTTPFetchHistory.h; sourceTree = "<group>"; };
		9912EF1C1987AFB600E61777 /* GTMHTTPFetchHistory.m */ = {isa = PBXFileReference; fileEncoding = 4; lastKnownFileType = sourcecode.c.objc; path = GTMHTTPFetchHistory.m; sourceTree = "<group>"; };
		9912EF1D1987AFB600E61777 /* GTMHTTPUploadFetcher.h */ = {isa = PBXFileReference; fileEncoding = 4; lastKnownFileType = sourcecode.c.h; path = GTMHTTPUploadFetcher.h; sourceTree = "<group>"; };
		9912EF1E1987AFB600E61777 /* GTMHTTPUploadFetcher.m */ = {isa = PBXFileReference; fileEncoding = 4; lastKnownFileType = sourcecode.c.objc; path = GTMHTTPUploadFetcher.m; sourceTree = "<group>"; };
		9912EF1F1987AFB600E61777 /* GTMMIMEDocument.h */ = {isa = PBXFileReference; fileEncoding = 4; lastKnownFileType = sourcecode.c.h; path = GTMMIMEDocument.h; sourceTree = "<group>"; };
		9912EF201987AFB600E61777 /* GTMMIMEDocument.m */ = {isa = PBXFileReference; fileEncoding = 4; lastKnownFileType = sourcecode.c.objc; path = GTMMIMEDocument.m; sourceTree = "<group>"; };
		9912EF211987AFB600E61777 /* GTMReadMonitorInputStream.h */ = {isa = PBXFileReference; fileEncoding = 4; lastKnownFileType = sourcecode.c.h; path = GTMReadMonitorInputStream.h; sourceTree = "<group>"; };
		9912EF221987AFB600E61777 /* GTMReadMonitorInputStream.m */ = {isa = PBXFileReference; fileEncoding = 4; lastKnownFileType = sourcecode.c.objc; path = GTMReadMonitorInputStream.m; sourceTree = "<group>"; };
		9912EF231987AFB600E61777 /* ReleaseNotes.txt */ = {isa = PBXFileReference; fileEncoding = 4; lastKnownFileType = text; path = ReleaseNotes.txt; sourceTree = "<group>"; };
		9912EF241987AFB600E61777 /* UnitTests-Info.plist */ = {isa = PBXFileReference; fileEncoding = 4; lastKnownFileType = text.plist.xml; path = "UnitTests-Info.plist"; sourceTree = "<group>"; };
		9912EF261987AFB600E61777 /* GTMOAuth2.xcodeproj */ = {isa = PBXFileReference; lastKnownFileType = "wrapper.pb-project"; path = GTMOAuth2.xcodeproj; sourceTree = "<group>"; };
		9912EF291987AFB600E61777 /* GTMOAuth2Authentication.h */ = {isa = PBXFileReference; fileEncoding = 4; lastKnownFileType = sourcecode.c.h; path = GTMOAuth2Authentication.h; sourceTree = "<group>"; };
		9912EF2A1987AFB600E61777 /* GTMOAuth2Authentication.m */ = {isa = PBXFileReference; fileEncoding = 4; lastKnownFileType = sourcecode.c.objc; path = GTMOAuth2Authentication.m; sourceTree = "<group>"; };
		9912EF2B1987AFB600E61777 /* GTMOAuth2SignIn.h */ = {isa = PBXFileReference; fileEncoding = 4; lastKnownFileType = sourcecode.c.h; path = GTMOAuth2SignIn.h; sourceTree = "<group>"; };
		9912EF2C1987AFB600E61777 /* GTMOAuth2SignIn.m */ = {isa = PBXFileReference; fileEncoding = 4; lastKnownFileType = sourcecode.c.objc; path = GTMOAuth2SignIn.m; sourceTree = "<group>"; };
		9912EF2D1987AFB600E61777 /* ReleaseNotes.txt */ = {isa = PBXFileReference; fileEncoding = 4; lastKnownFileType = text; path = ReleaseNotes.txt; sourceTree = "<group>"; };
		9912EF2F1987AFB600E61777 /* GTMOAuth2ViewControllerTouch.h */ = {isa = PBXFileReference; fileEncoding = 4; lastKnownFileType = sourcecode.c.h; path = GTMOAuth2ViewControllerTouch.h; sourceTree = "<group>"; };
		9912EF301987AFB600E61777 /* GTMOAuth2ViewControllerTouch.m */ = {isa = PBXFileReference; fileEncoding = 4; lastKnownFileType = sourcecode.c.objc; path = GTMOAuth2ViewControllerTouch.m; sourceTree = "<group>"; };
		9912EF311987AFB600E61777 /* GTMOAuth2ViewTouch.xib */ = {isa = PBXFileReference; fileEncoding = 4; lastKnownFileType = file.xib; path = GTMOAuth2ViewTouch.xib; sourceTree = "<group>"; };
		9912EF331987AFB600E61777 /* GTLBatchQuery.h */ = {isa = PBXFileReference; fileEncoding = 4; lastKnownFileType = sourcecode.c.h; path = GTLBatchQuery.h; sourceTree = "<group>"; };
		9912EF341987AFB600E61777 /* GTLBatchQuery.m */ = {isa = PBXFileReference; fileEncoding = 4; lastKnownFileType = sourcecode.c.objc; path = GTLBatchQuery.m; sourceTree = "<group>"; };
		9912EF351987AFB600E61777 /* GTLBatchResult.h */ = {isa = PBXFileReference; fileEncoding = 4; lastKnownFileType = sourcecode.c.h; path = GTLBatchResult.h; sourceTree = "<group>"; };
		9912EF361987AFB600E61777 /* GTLBatchResult.m */ = {isa = PBXFileReference; fileEncoding = 4; lastKnownFileType = sourcecode.c.objc; path = GTLBatchResult.m; sourceTree = "<group>"; };
		9912EF371987AFB600E61777 /* GTLDateTime.h */ = {isa = PBXFileReference; fileEncoding = 4; lastKnownFileType = sourcecode.c.h; path = GTLDateTime.h; sourceTree = "<group>"; };
		9912EF381987AFB600E61777 /* GTLDateTime.m */ = {isa = PBXFileReference; fileEncoding = 4; lastKnownFileType = sourcecode.c.objc; path = GTLDateTime.m; sourceTree = "<group>"; };
		9912EF391987AFB600E61777 /* GTLErrorObject.h */ = {isa = PBXFileReference; fileEncoding = 4; lastKnownFileType = sourcecode.c.h; path = GTLErrorObject.h; sourceTree = "<group>"; };
		9912EF3A1987AFB600E61777 /* GTLErrorObject.m */ = {isa = PBXFileReference; fileEncoding = 4; lastKnownFileType = sourcecode.c.objc; path = GTLErrorObject.m; sourceTree = "<group>"; };
		9912EF3B1987AFB600E61777 /* GTLObject.h */ = {isa = PBXFileReference; fileEncoding = 4; lastKnownFileType = sourcecode.c.h; path = GTLObject.h; sourceTree = "<group>"; };
		9912EF3C1987AFB600E61777 /* GTLObject.m */ = {isa = PBXFileReference; fileEncoding = 4; lastKnownFileType = sourcecode.c.objc; path = GTLObject.m; sourceTree = "<group>"; };
		9912EF3D1987AFB600E61777 /* GTLQuery.h */ = {isa = PBXFileReference; fileEncoding = 4; lastKnownFileType = sourcecode.c.h; path = GTLQuery.h; sourceTree = "<group>"; };
		9912EF3E1987AFB600E61777 /* GTLQuery.m */ = {isa = PBXFileReference; fileEncoding = 4; lastKnownFileType = sourcecode.c.objc; path = GTLQuery.m; sourceTree = "<group>"; };
		9912EF3F1987AFB600E61777 /* GTLRuntimeCommon.h */ = {isa = PBXFileReference; fileEncoding = 4; lastKnownFileType = sourcecode.c.h; path = GTLRuntimeCommon.h; sourceTree = "<group>"; };
		9912EF401987AFB600E61777 /* GTLRuntimeCommon.m */ = {isa = PBXFileReference; fileEncoding = 4; lastKnownFileType = sourcecode.c.objc; path = GTLRuntimeCommon.m; sourceTree = "<group>"; };
		9912EF411987AFB600E61777 /* GTLService.h */ = {isa = PBXFileReference; fileEncoding = 4; lastKnownFileType = sourcecode.c.h; path = GTLService.h; sourceTree = "<group>"; };
		9912EF421987AFB600E61777 /* GTLService.m */ = {isa = PBXFileReference; fileEncoding = 4; lastKnownFileType = sourcecode.c.objc; path = GTLService.m; sourceTree = "<group>"; };
		9912EF431987AFB600E61777 /* GTLUploadParameters.h */ = {isa = PBXFileReference; fileEncoding = 4; lastKnownFileType = sourcecode.c.h; path = GTLUploadParameters.h; sourceTree = "<group>"; };
		9912EF441987AFB600E61777 /* GTLUploadParameters.m */ = {isa = PBXFileReference; fileEncoding = 4; lastKnownFileType = sourcecode.c.objc; path = GTLUploadParameters.m; sourceTree = "<group>"; };
		9912EF461987AFB600E61777 /* GTLBase64.h */ = {isa = PBXFileReference; fileEncoding = 4; lastKnownFileType = sourcecode.c.h; path = GTLBase64.h; sourceTree = "<group>"; };
		9912EF471987AFB600E61777 /* GTLBase64.m */ = {isa = PBXFileReference; fileEncoding = 4; lastKnownFileType = sourcecode.c.objc; path = GTLBase64.m; sourceTree = "<group>"; };
		9912EF481987AFB600E61777 /* GTLFramework.h */ = {isa = PBXFileReference; fileEncoding = 4; lastKnownFileType = sourcecode.c.h; path = GTLFramework.h; sourceTree = "<group>"; };
		9912EF491987AFB600E61777 /* GTLFramework.m */ = {isa = PBXFileReference; fileEncoding = 4; lastKnownFileType = sourcecode.c.objc; path = GTLFramework.m; sourceTree = "<group>"; };
		9912EF4A1987AFB600E61777 /* GTLJSONParser.h */ = {isa = PBXFileReference; fileEncoding = 4; lastKnownFileType = sourcecode.c.h; path = GTLJSONParser.h; sourceTree = "<group>"; };
		9912EF4B1987AFB600E61777 /* GTLJSONParser.m */ = {isa = PBXFileReference; fileEncoding = 4; lastKnownFileType = sourcecode.c.objc; path = GTLJSONParser.m; sourceTree = "<group>"; };
		9912EF4C1987AFB600E61777 /* GTLTargetNamespace.h */ = {isa = PBXFileReference; fileEncoding = 4; lastKnownFileType = sourcecode.c.h; path = GTLTargetNamespace.h; sourceTree = "<group>"; };
		9912EF4D1987AFB600E61777 /* GTLUtilities.h */ = {isa = PBXFileReference; fileEncoding = 4; lastKnownFileType = sourcecode.c.h; path = GTLUtilities.h; sourceTree = "<group>"; };
		9912EF4E1987AFB600E61777 /* GTLUtilities.m */ = {isa = PBXFileReference; fileEncoding = 4; lastKnownFileType = sourcecode.c.objc; path = GTLUtilities.m; sourceTree = "<group>"; };
		9912EF861987AFC500E61777 /* NSDictionary+APIErrors.h */ = {isa = PBXFileReference; fileEncoding = 4; lastKnownFileType = sourcecode.c.h; path = "NSDictionary+APIErrors.h"; sourceTree = "<group>"; };
		9912EF871987AFC500E61777 /* NSDictionary+APIErrors.m */ = {isa = PBXFileReference; fileEncoding = 4; lastKnownFileType = sourcecode.c.objc; path = "NSDictionary+APIErrors.m"; sourceTree = "<group>"; };
		9912EF881987AFC500E61777 /* NSError+Helpers.h */ = {isa = PBXFileReference; fileEncoding = 4; lastKnownFileType = sourcecode.c.h; path = "NSError+Helpers.h"; sourceTree = "<group>"; };
		9912EF891987AFC500E61777 /* NSError+Helpers.m */ = {isa = PBXFileReference; fileEncoding = 4; lastKnownFileType = sourcecode.c.objc; path = "NSError+Helpers.m"; sourceTree = "<group>"; };
		9912EF8A1987AFC500E61777 /* NSString+Helpers.h */ = {isa = PBXFileReference; fileEncoding = 4; lastKnownFileType = sourcecode.c.h; path = "NSString+Helpers.h"; sourceTree = "<group>"; };
		9912EF8B1987AFC500E61777 /* NSString+Helpers.m */ = {isa = PBXFileReference; fileEncoding = 4; lastKnownFileType = sourcecode.c.objc; path = "NSString+Helpers.m"; sourceTree = "<group>"; };
		9912EF8C1987AFC500E61777 /* def_utils.h */ = {isa = PBXFileReference; fileEncoding = 4; lastKnownFileType = sourcecode.c.h; path = def_utils.h; sourceTree = "<group>"; };
		9912EF8E1987AFC500E61777 /* Reachability.h */ = {isa = PBXFileReference; fileEncoding = 4; lastKnownFileType = sourcecode.c.h; path = Reachability.h; sourceTree = "<group>"; };
		9912EF8F1987AFC500E61777 /* Reachability.m */ = {isa = PBXFileReference; fileEncoding = 4; lastKnownFileType = sourcecode.c.objc; path = Reachability.m; sourceTree = "<group>"; };
		9912EF901987AFC500E61777 /* Utils.h */ = {isa = PBXFileReference; fileEncoding = 4; lastKnownFileType = sourcecode.c.h; path = Utils.h; sourceTree = "<group>"; };
		9912EF911987AFC500E61777 /* Utils.m */ = {isa = PBXFileReference; fileEncoding = 4; lastKnownFileType = sourcecode.c.objc; path = Utils.m; sourceTree = "<group>"; };
		9912EF931987AFC500E61777 /* UIViewController+dismissSelf.h */ = {isa = PBXFileReference; fileEncoding = 4; lastKnownFileType = sourcecode.c.h; path = "UIViewController+dismissSelf.h"; sourceTree = "<group>"; };
		9912EF941987AFC500E61777 /* UIViewController+dismissSelf.m */ = {isa = PBXFileReference; fileEncoding = 4; lastKnownFileType = sourcecode.c.objc; path = "UIViewController+dismissSelf.m"; sourceTree = "<group>"; };
		9912EF951987AFC500E61777 /* UIViewController+Lock.h */ = {isa = PBXFileReference; fileEncoding = 4; lastKnownFileType = sourcecode.c.h; path = "UIViewController+Lock.h"; sourceTree = "<group>"; };
		9912EF961987AFC500E61777 /* UIViewController+Lock.m */ = {isa = PBXFileReference; fileEncoding = 4; lastKnownFileType = sourcecode.c.objc; path = "UIViewController+Lock.m"; sourceTree = "<group>"; };
		9912EF981987AFC500E61777 /* BorderedTextField.h */ = {isa = PBXFileReference; fileEncoding = 4; lastKnownFileType = sourcecode.c.h; path = BorderedTextField.h; sourceTree = "<group>"; };
		9912EF991987AFC500E61777 /* BorderedTextField.m */ = {isa = PBXFileReference; fileEncoding = 4; lastKnownFileType = sourcecode.c.objc; path = BorderedTextField.m; sourceTree = "<group>"; };
		9912EF9A1987AFC500E61777 /* GUIUtils.h */ = {isa = PBXFileReference; fileEncoding = 4; lastKnownFileType = sourcecode.c.h; path = GUIUtils.h; sourceTree = "<group>"; };
		9912EF9B1987AFC500E61777 /* LoadingView.h */ = {isa = PBXFileReference; fileEncoding = 4; lastKnownFileType = sourcecode.c.h; path = LoadingView.h; sourceTree = "<group>"; };
		9912EF9C1987AFC500E61777 /* LoadingView.m */ = {isa = PBXFileReference; fileEncoding = 4; lastKnownFileType = sourcecode.c.objc; path = LoadingView.m; sourceTree = "<group>"; };
		9912EF9D1987AFC500E61777 /* LoadingView.xib */ = {isa = PBXFileReference; fileEncoding = 4; lastKnownFileType = file.xib; path = LoadingView.xib; sourceTree = "<group>"; };
		9912EF9F1987AFC500E61777 /* MAOInputAccessoryView.h */ = {isa = PBXFileReference; fileEncoding = 4; lastKnownFileType = sourcecode.c.h; path = MAOInputAccessoryView.h; sourceTree = "<group>"; };
		9912EFA01987AFC500E61777 /* MAOInputAccessoryView.m */ = {isa = PBXFileReference; fileEncoding = 4; lastKnownFileType = sourcecode.c.objc; path = MAOInputAccessoryView.m; sourceTree = "<group>"; };
		9912EFA11987AFC500E61777 /* MAOKeyboardHelper.h */ = {isa = PBXFileReference; fileEncoding = 4; lastKnownFileType = sourcecode.c.h; path = MAOKeyboardHelper.h; sourceTree = "<group>"; };
		9912EFA21987AFC500E61777 /* MAOKeyboardHelper.m */ = {isa = PBXFileReference; fileEncoding = 4; lastKnownFileType = sourcecode.c.objc; path = MAOKeyboardHelper.m; sourceTree = "<group>"; };
		9912EFA31987AFC500E61777 /* UIColor+maoConversion.h */ = {isa = PBXFileReference; fileEncoding = 4; lastKnownFileType = sourcecode.c.h; path = "UIColor+maoConversion.h"; sourceTree = "<group>"; };
		9912EFA41987AFC500E61777 /* UIColor+maoConversion.m */ = {isa = PBXFileReference; fileEncoding = 4; lastKnownFileType = sourcecode.c.objc; path = "UIColor+maoConversion.m"; sourceTree = "<group>"; };
		9912EFA51987AFC500E61777 /* UIView+maoAnimation.h */ = {isa = PBXFileReference; fileEncoding = 4; lastKnownFileType = sourcecode.c.h; path = "UIView+maoAnimation.h"; sourceTree = "<group>"; };
		9912EFA61987AFC500E61777 /* UIView+maoAnimation.m */ = {isa = PBXFileReference; fileEncoding = 4; lastKnownFileType = sourcecode.c.objc; path = "UIView+maoAnimation.m"; sourceTree = "<group>"; };
		9912EFA71987AFC500E61777 /* UIView+maoDimensions.h */ = {isa = PBXFileReference; fileEncoding = 4; lastKnownFileType = sourcecode.c.h; path = "UIView+maoDimensions.h"; sourceTree = "<group>"; };
		9912EFA81987AFC500E61777 /* UIView+maoDimensions.m */ = {isa = PBXFileReference; fileEncoding = 4; lastKnownFileType = sourcecode.c.objc; path = "UIView+maoDimensions.m"; sourceTree = "<group>"; };
		9912EFA91987AFC500E61777 /* UIView+maoLayerAccess.h */ = {isa = PBXFileReference; fileEncoding = 4; lastKnownFileType = sourcecode.c.h; path = "UIView+maoLayerAccess.h"; sourceTree = "<group>"; };
		9912EFAA1987AFC500E61777 /* UIView+maoLayerAccess.m */ = {isa = PBXFileReference; fileEncoding = 4; lastKnownFileType = sourcecode.c.objc; path = "UIView+maoLayerAccess.m"; sourceTree = "<group>"; };
		9912EFAB1987AFC500E61777 /* MenuBarButtonItem.h */ = {isa = PBXFileReference; fileEncoding = 4; lastKnownFileType = sourcecode.c.h; path = MenuBarButtonItem.h; sourceTree = "<group>"; };
		9912EFAC1987AFC500E61777 /* MenuBarButtonItem.m */ = {isa = PBXFileReference; fileEncoding = 4; lastKnownFileType = sourcecode.c.objc; path = MenuBarButtonItem.m; sourceTree = "<group>"; };
		9912EFAD1987AFC500E61777 /* NSMutableAttributedString+Attributes.h */ = {isa = PBXFileReference; fileEncoding = 4; lastKnownFileType = sourcecode.c.h; path = "NSMutableAttributedString+Attributes.h"; sourceTree = "<group>"; };
		9912EFAE1987AFC500E61777 /* NSMutableAttributedString+Attributes.m */ = {isa = PBXFileReference; fileEncoding = 4; lastKnownFileType = sourcecode.c.objc; path = "NSMutableAttributedString+Attributes.m"; sourceTree = "<group>"; };
		9912EFAF1987AFC500E61777 /* NSString+formattedText.h */ = {isa = PBXFileReference; fileEncoding = 4; lastKnownFileType = sourcecode.c.h; path = "NSString+formattedText.h"; sourceTree = "<group>"; };
		9912EFB01987AFC500E61777 /* NSString+formattedText.m */ = {isa = PBXFileReference; fileEncoding = 4; lastKnownFileType = sourcecode.c.objc; path = "NSString+formattedText.m"; sourceTree = "<group>"; };
		9912EFB11987AFC500E61777 /* PhoneTextField.h */ = {isa = PBXFileReference; fileEncoding = 4; lastKnownFileType = sourcecode.c.h; path = PhoneTextField.h; sourceTree = "<group>"; };
		9912EFB21987AFC500E61777 /* PhoneTextField.m */ = {isa = PBXFileReference; fileEncoding = 4; lastKnownFileType = sourcecode.c.objc; path = PhoneTextField.m; sourceTree = "<group>"; };
		9912EFB31987AFC500E61777 /* UIImage+TintColor.h */ = {isa = PBXFileReference; fileEncoding = 4; lastKnownFileType = sourcecode.c.h; path = "UIImage+TintColor.h"; sourceTree = "<group>"; };
		9912EFB41987AFC500E61777 /* UIImage+TintColor.m */ = {isa = PBXFileReference; fileEncoding = 4; lastKnownFileType = sourcecode.c.objc; path = "UIImage+TintColor.m"; sourceTree = "<group>"; };
		9912EFB51987AFC500E61777 /* UIImage+Tools.h */ = {isa = PBXFileReference; fileEncoding = 4; lastKnownFileType = sourcecode.c.h; path = "UIImage+Tools.h"; sourceTree = "<group>"; };
		9912EFB61987AFC500E61777 /* UIImage+Tools.m */ = {isa = PBXFileReference; fileEncoding = 4; lastKnownFileType = sourcecode.c.objc; path = "UIImage+Tools.m"; sourceTree = "<group>"; };
		9912EFB71987AFC500E61777 /* UILabel+formattedText.h */ = {isa = PBXFileReference; fileEncoding = 4; lastKnownFileType = sourcecode.c.h; path = "UILabel+formattedText.h"; sourceTree = "<group>"; };
		9912EFB81987AFC500E61777 /* UILabel+formattedText.m */ = {isa = PBXFileReference; fileEncoding = 4; lastKnownFileType = sourcecode.c.objc; path = "UILabel+formattedText.m"; sourceTree = "<group>"; };
		9912EFB91987AFC500E61777 /* UILabel+SizeToFit.h */ = {isa = PBXFileReference; fileEncoding = 4; lastKnownFileType = sourcecode.c.h; path = "UILabel+SizeToFit.h"; sourceTree = "<group>"; };
		9912EFBA1987AFC500E61777 /* UILabel+SizeToFit.m */ = {isa = PBXFileReference; fileEncoding = 4; lastKnownFileType = sourcecode.c.objc; path = "UILabel+SizeToFit.m"; sourceTree = "<group>"; };
		9912EFBB1987AFC500E61777 /* UIView+NibLoading.h */ = {isa = PBXFileReference; fileEncoding = 4; lastKnownFileType = sourcecode.c.h; path = "UIView+NibLoading.h"; sourceTree = "<group>"; };
		9912EFBC1987AFC500E61777 /* UIView+NibLoading.m */ = {isa = PBXFileReference; fileEncoding = 4; lastKnownFileType = sourcecode.c.objc; path = "UIView+NibLoading.m"; sourceTree = "<group>"; };
		9912EFD71987B0B600E61777 /* GTLApi.h */ = {isa = PBXFileReference; fileEncoding = 4; lastKnownFileType = sourcecode.c.h; path = GTLApi.h; sourceTree = "<group>"; };
		9912EFD81987B0B600E61777 /* GTLApiConstants.h */ = {isa = PBXFileReference; fileEncoding = 4; lastKnownFileType = sourcecode.c.h; path = GTLApiConstants.h; sourceTree = "<group>"; };
		9912EFD91987B0B600E61777 /* GTLApiConstants.m */ = {isa = PBXFileReference; fileEncoding = 4; lastKnownFileType = sourcecode.c.objc; path = GTLApiConstants.m; sourceTree = "<group>"; };
		9912EFDA1987B0B600E61777 /* GTLApiUserMessageLoginInfo.h */ = {isa = PBXFileReference; fileEncoding = 4; lastKnownFileType = sourcecode.c.h; path = GTLApiUserMessageLoginInfo.h; sourceTree = "<group>"; };
		9912EFDB1987B0B600E61777 /* GTLApiUserMessageLoginInfo.m */ = {isa = PBXFileReference; fileEncoding = 4; lastKnownFileType = sourcecode.c.objc; path = GTLApiUserMessageLoginInfo.m; sourceTree = "<group>"; };
		9912EFDC1987B0B600E61777 /* GTLApiUserMessagePasswordRequsest.h */ = {isa = PBXFileReference; fileEncoding = 4; lastKnownFileType = sourcecode.c.h; path = GTLApiUserMessagePasswordRequsest.h; sourceTree = "<group>"; };
		9912EFDD1987B0B600E61777 /* GTLApiUserMessagePasswordRequsest.m */ = {isa = PBXFileReference; fileEncoding = 4; lastKnownFileType = sourcecode.c.objc; path = GTLApiUserMessagePasswordRequsest.m; sourceTree = "<group>"; };
		9912EFDE1987B0B600E61777 /* GTLApiUserMessageSession.h */ = {isa = PBXFileReference; fileEncoding = 4; lastKnownFileType = sourcecode.c.h; path = GTLApiUserMessageSession.h; sourceTree = "<group>"; };
		9912EFDF1987B0B600E61777 /* GTLApiUserMessageSession.m */ = {isa = PBXFileReference; fileEncoding = 4; lastKnownFileType = sourcecode.c.objc; path = GTLApiUserMessageSession.m; sourceTree = "<group>"; };
		9912EFE01987B0B600E61777 /* GTLApiUserMessageTools.h */ = {isa = PBXFileReference; fileEncoding = 4; lastKnownFileType = sourcecode.c.h; path = GTLApiUserMessageTools.h; sourceTree = "<group>"; };
		9912EFE11987B0B600E61777 /* GTLApiUserMessageTools.m */ = {isa = PBXFileReference; fileEncoding = 4; lastKnownFileType = sourcecode.c.objc; path = GTLApiUserMessageTools.m; sourceTree = "<group>"; };
		9912EFE21987B0B600E61777 /* GTLApiUserMessageUser.h */ = {isa = PBXFileReference; fileEncoding = 4; lastKnownFileType = sourcecode.c.h; path = GTLApiUserMessageUser.h; sourceTree = "<group>"; };
		9912EFE31987B0B600E61777 /* GTLApiUserMessageUser.m */ = {isa = PBXFileReference; fileEncoding = 4; lastKnownFileType = sourcecode.c.objc; path = GTLApiUserMessageUser.m; sourceTree = "<group>"; };
		9912EFE41987B0B600E61777 /* GTLQueryApi.h */ = {isa = PBXFileReference; fileEncoding = 4; lastKnownFileType = sourcecode.c.h; path = GTLQueryApi.h; sourceTree = "<group>"; };
		9912EFE51987B0B600E61777 /* GTLQueryApi.m */ = {isa = PBXFileReference; fileEncoding = 4; lastKnownFileType = sourcecode.c.objc; path = GTLQueryApi.m; sourceTree = "<group>"; };
		9912EFE61987B0B600E61777 /* GTLServiceApi.h */ = {isa = PBXFileReference; fileEncoding = 4; lastKnownFileType = sourcecode.c.h; path = GTLServiceApi.h; sourceTree = "<group>"; };
		9912EFE71987B0B600E61777 /* GTLServiceApi.m */ = {isa = PBXFileReference; fileEncoding = 4; lastKnownFileType = sourcecode.c.objc; path = GTLServiceApi.m; sourceTree = "<group>"; };
		999DF94E19B9F27E000534F5 /* PlanVC.h */ = {isa = PBXFileReference; fileEncoding = 4; lastKnownFileType = sourcecode.c.h; path = PlanVC.h; sourceTree = "<group>"; };
		999DF94F19B9F27E000534F5 /* PlanVC.m */ = {isa = PBXFileReference; fileEncoding = 4; lastKnownFileType = sourcecode.c.objc; path = PlanVC.m; sourceTree = "<group>"; };
		999DF95019B9F27E000534F5 /* PlanVC.xib */ = {isa = PBXFileReference; fileEncoding = 4; lastKnownFileType = file.xib; path = PlanVC.xib; sourceTree = "<group>"; };
		999DF95319B9F452000534F5 /* CellPlan.h */ = {isa = PBXFileReference; fileEncoding = 4; lastKnownFileType = sourcecode.c.h; path = CellPlan.h; sourceTree = "<group>"; };
		999DF95419B9F452000534F5 /* CellPlan.m */ = {isa = PBXFileReference; fileEncoding = 4; lastKnownFileType = sourcecode.c.objc; path = CellPlan.m; sourceTree = "<group>"; };
		999DF95519B9F452000534F5 /* CellPlan.xib */ = {isa = PBXFileReference; fileEncoding = 4; lastKnownFileType = file.xib; path = CellPlan.xib; sourceTree = "<group>"; };
		999F308E1990EEB4008CB0AD /* Barnaul_Aviator.html */ = {isa = PBXFileReference; fileEncoding = 4; lastKnownFileType = text.html; path = Barnaul_Aviator.html; sourceTree = "<group>"; };
		999F308F1990EEB4008CB0AD /* Berdsk.html */ = {isa = PBXFileReference; fileEncoding = 4; lastKnownFileType = text.html; path = Berdsk.html; sourceTree = "<group>"; };
		999F30901990EEB4008CB0AD /* Bistrovka.html */ = {isa = PBXFileReference; fileEncoding = 4; lastKnownFileType = text.html; path = Bistrovka.html; sourceTree = "<group>"; };
		999F30911990EEB4008CB0AD /* Gorkoe_Kamen.html */ = {isa = PBXFileReference; fileEncoding = 4; lastKnownFileType = text.html; path = Gorkoe_Kamen.html; sourceTree = "<group>"; };
		999F30921990EEB4008CB0AD /* Krasnyi_Yar.html */ = {isa = PBXFileReference; fileEncoding = 4; lastKnownFileType = text.html; path = Krasnyi_Yar.html; sourceTree = "<group>"; };
		999F30931990EEB4008CB0AD /* Lazurnay.html */ = {isa = PBXFileReference; fileEncoding = 4; lastKnownFileType = text.html; path = Lazurnay.html; sourceTree = "<group>"; };
		999F30941990EEB4008CB0AD /* Neokom.html */ = {isa = PBXFileReference; fileEncoding = 4; lastKnownFileType = text.html; path = Neokom.html; sourceTree = "<group>"; };
		999F30951990EEB4008CB0AD /* Novichiha.html */ = {isa = PBXFileReference; fileEncoding = 4; lastKnownFileType = text.html; path = Novichiha.html; sourceTree = "<group>"; };
		999F30961990EEB4008CB0AD /* Omsk.html */ = {isa = PBXFileReference; fileEncoding = 4; lastKnownFileType = text.html; path = Omsk.html; sourceTree = "<group>"; };
		999F30971990EEB4008CB0AD /* Savvushka.html */ = {isa = PBXFileReference; fileEncoding = 4; lastKnownFileType = text.html; path = Savvushka.html; sourceTree = "<group>"; };
		999F30981990EEB4008CB0AD /* Topolnoe.html */ = {isa = PBXFileReference; fileEncoding = 4; lastKnownFileType = text.html; path = Topolnoe.html; sourceTree = "<group>"; };
		999F30B11992251C008CB0AD /* RNCachingURLProtocol.h */ = {isa = PBXFileReference; fileEncoding = 4; lastKnownFileType = sourcecode.c.h; path = RNCachingURLProtocol.h; sourceTree = "<group>"; };
		999F30B21992251C008CB0AD /* RNCachingURLProtocol.m */ = {isa = PBXFileReference; fileEncoding = 4; lastKnownFileType = sourcecode.c.objc; path = RNCachingURLProtocol.m; sourceTree = "<group>"; };
		999F30B51998D88E008CB0AD /* AuthVC.h */ = {isa = PBXFileReference; fileEncoding = 4; lastKnownFileType = sourcecode.c.h; path = AuthVC.h; sourceTree = "<group>"; };
		999F30B61998D88E008CB0AD /* AuthVC.m */ = {isa = PBXFileReference; fileEncoding = 4; lastKnownFileType = sourcecode.c.objc; path = AuthVC.m; sourceTree = "<group>"; };
		999F30B71998D88E008CB0AD /* AuthVC.xib */ = {isa = PBXFileReference; fileEncoding = 4; lastKnownFileType = file.xib; path = AuthVC.xib; sourceTree = "<group>"; };
		999F30B91998D88E008CB0AD /* APNSManager.h */ = {isa = PBXFileReference; fileEncoding = 4; lastKnownFileType = sourcecode.c.h; path = APNSManager.h; sourceTree = "<group>"; };
		999F30BA1998D88E008CB0AD /* APNSManager.m */ = {isa = PBXFileReference; fileEncoding = 4; lastKnownFileType = sourcecode.c.objc; path = APNSManager.m; sourceTree = "<group>"; };
		999F30BB1998D88E008CB0AD /* UserManager.h */ = {isa = PBXFileReference; fileEncoding = 4; lastKnownFileType = sourcecode.c.h; path = UserManager.h; sourceTree = "<group>"; };
		999F30BC1998D88E008CB0AD /* UserManager.m */ = {isa = PBXFileReference; fileEncoding = 4; lastKnownFileType = sourcecode.c.objc; path = UserManager.m; sourceTree = "<group>"; };
		999F30C11998D8AB008CB0AD /* UserUpdateVC.h */ = {isa = PBXFileReference; fileEncoding = 4; lastKnownFileType = sourcecode.c.h; path = UserUpdateVC.h; sourceTree = "<group>"; };
		999F30C21998D8AB008CB0AD /* UserUpdateVC.m */ = {isa = PBXFileReference; fileEncoding = 4; lastKnownFileType = sourcecode.c.objc; path = UserUpdateVC.m; sourceTree = "<group>"; };
		999F30C31998D8AB008CB0AD /* UserUpdateVC.xib */ = {isa = PBXFileReference; fileEncoding = 4; lastKnownFileType = file.xib; path = UserUpdateVC.xib; sourceTree = "<group>"; };
		999F30C61998DD69008CB0AD /* GTLApiUserMessageRegion.h */ = {isa = PBXFileReference; fileEncoding = 4; lastKnownFileType = sourcecode.c.h; path = GTLApiUserMessageRegion.h; sourceTree = "<group>"; };
		999F30C71998DD69008CB0AD /* GTLApiUserMessageRegion.m */ = {isa = PBXFileReference; fileEncoding = 4; lastKnownFileType = sourcecode.c.objc; path = GTLApiUserMessageRegion.m; sourceTree = "<group>"; };
		999F30C81998DD69008CB0AD /* GTLApiUserMessageRegionList.h */ = {isa = PBXFileReference; fileEncoding = 4; lastKnownFileType = sourcecode.c.h; path = GTLApiUserMessageRegionList.h; sourceTree = "<group>"; };
		999F30C91998DD69008CB0AD /* GTLApiUserMessageRegionList.m */ = {isa = PBXFileReference; fileEncoding = 4; lastKnownFileType = sourcecode.c.objc; path = GTLApiUserMessageRegionList.m; sourceTree = "<group>"; };
		99A51F06199A004600328CE7 /* GTLApiUserMessageUser+Wrapper.h */ = {isa = PBXFileReference; fileEncoding = 4; lastKnownFileType = sourcecode.c.h; path = "GTLApiUserMessageUser+Wrapper.h"; sourceTree = "<group>"; };
		99A51F07199A004600328CE7 /* GTLApiUserMessageUser+Wrapper.m */ = {isa = PBXFileReference; fileEncoding = 4; lastKnownFileType = sourcecode.c.objc; path = "GTLApiUserMessageUser+Wrapper.m"; sourceTree = "<group>"; };
		99E872D41990A7270099C3BC /* en */ = {isa = PBXFileReference; lastKnownFileType = text.plist.strings; name = en; path = en.lproj/Localizable.strings; sourceTree = "<group>"; };
		99E872D61990A7A30099C3BC /* constants.h */ = {isa = PBXFileReference; lastKnownFileType = sourcecode.c.h; path = constants.h; sourceTree = "<group>"; };
		99E872DF1990D3590099C3BC /* ForecastsVC.h */ = {isa = PBXFileReference; fileEncoding = 4; lastKnownFileType = sourcecode.c.h; path = ForecastsVC.h; sourceTree = "<group>"; };
		99E872E01990D3590099C3BC /* ForecastsVC.m */ = {isa = PBXFileReference; fileEncoding = 4; lastKnownFileType = sourcecode.c.objc; path = ForecastsVC.m; sourceTree = "<group>"; };
		99E872E11990D3590099C3BC /* ForecastsVC.xib */ = {isa = PBXFileReference; fileEncoding = 4; lastKnownFileType = file.xib; path = ForecastsVC.xib; sourceTree = "<group>"; };
/* End PBXFileReference section */

/* Begin PBXFrameworksBuildPhase section */
		9912EEB91987ABED00E61777 /* Frameworks */ = {
			isa = PBXFrameworksBuildPhase;
			buildActionMask = 2147483647;
			files = (
				9912EEC21987ABED00E61777 /* CoreGraphics.framework in Frameworks */,
				9912EEC41987ABED00E61777 /* UIKit.framework in Frameworks */,
				9912EEC01987ABED00E61777 /* Foundation.framework in Frameworks */,
				C7B6946F98BC42AFB02F302B /* libPods.a in Frameworks */,
			);
			runOnlyForDeploymentPostprocessing = 0;
		};
/* End PBXFrameworksBuildPhase section */

/* Begin PBXGroup section */
		9911048219A5D7A100D2C12E /* GKCropImage */ = {
			isa = PBXGroup;
			children = (
				9911048319A5D7A100D2C12E /* GKCropBorderView.h */,
				9911048419A5D7A100D2C12E /* GKCropBorderView.m */,
				9911048519A5D7A100D2C12E /* GKImageCropOverlayView.h */,
				9911048619A5D7A100D2C12E /* GKImageCropOverlayView.m */,
				9911048719A5D7A100D2C12E /* GKImageCropView.h */,
				9911048819A5D7A100D2C12E /* GKImageCropView.m */,
				9911048919A5D7A100D2C12E /* GKImageCropViewController.h */,
				9911048A19A5D7A100D2C12E /* GKImageCropViewController.m */,
				9911048B19A5D7A100D2C12E /* GKImagePicker.h */,
				9911048C19A5D7A100D2C12E /* GKImagePicker.m */,
				9911048D19A5D7A100D2C12E /* GKResizeableCropOverlayView.h */,
				9911048E19A5D7A100D2C12E /* GKResizeableCropOverlayView.m */,
			);
			path = GKCropImage;
			sourceTree = "<group>";
		};
		9911049519A5D9F600D2C12E /* MainStack */ = {
			isa = PBXGroup;
			children = (
				9911049619A5D9F600D2C12E /* AppDelegate.h */,
				9911049719A5D9F600D2C12E /* AppDelegate.m */,
				991104F619AF363400D2C12E /* TabbedVCProto.h */,
			);
			path = MainStack;
			sourceTree = "<group>";
		};
		9911050E19B8364700D2C12E /* Model */ = {
			isa = PBXGroup;
			children = (
				9911050F19B8365900D2C12E /* GTLApiForecastMessageSpot+Wrapper.h */,
				9911051019B8365900D2C12E /* GTLApiForecastMessageSpot+Wrapper.m */,
			);
			path = Model;
			sourceTree = "<group>";
		};
		9912EEB31987ABED00E61777 = {
			isa = PBXGroup;
			children = (
				9912EEC51987ABED00E61777 /* Zakitenem */,
				9912EEBE1987ABED00E61777 /* Frameworks */,
				9912EEBD1987ABED00E61777 /* Products */,
				5E9BB2E0A1924D3FB4A6F23B /* Pods.xcconfig */,
			);
			sourceTree = "<group>";
		};
		9912EEBD1987ABED00E61777 /* Products */ = {
			isa = PBXGroup;
			children = (
				9912EEBC1987ABED00E61777 /* Zakitenem.app */,
			);
			name = Products;
			sourceTree = "<group>";
		};
		9912EEBE1987ABED00E61777 /* Frameworks */ = {
			isa = PBXGroup;
			children = (
				9912EEBF1987ABED00E61777 /* Foundation.framework */,
				9912EEC11987ABED00E61777 /* CoreGraphics.framework */,
				9912EEC31987ABED00E61777 /* UIKit.framework */,
				9912EED81987ABED00E61777 /* XCTest.framework */,
				374A293411F74D2D8BCD26EF /* libPods.a */,
			);
			name = Frameworks;
			sourceTree = "<group>";
		};
		9912EEC51987ABED00E61777 /* Zakitenem */ = {
			isa = PBXGroup;
			children = (
				9911049519A5D9F600D2C12E /* MainStack */,
				99E872D51990A78F0099C3BC /* InternalUtils */,
				9912EEF41987AFB600E61777 /* External */,
				99E872DE1990D33E0099C3BC /* Forecast */,
				999DF94D19B9F26A000534F5 /* Plan */,
				999F30B41998D88E008CB0AD /* User */,
				999F30861990EEA1008CB0AD /* Resources */,
				9912EEEE1987AFA500E61777 /* InfoPlist.strings */,
				9912EEF01987AFA500E61777 /* Localizable.strings */,
				9912EF841987AFC500E61777 /* Utils */,
				9912EED11987ABED00E61777 /* Images.xcassets */,
				9912EEC61987ABED00E61777 /* Supporting Files */,
			);
			path = Zakitenem;
			sourceTree = "<group>";
		};
		9912EEC61987ABED00E61777 /* Supporting Files */ = {
			isa = PBXGroup;
			children = (
				9912EEC71987ABED00E61777 /* Zakitenem-Info.plist */,
				9912EEC81987ABED00E61777 /* InfoPlist.strings */,
				9912EECB1987ABED00E61777 /* main.m */,
				9912EECD1987ABED00E61777 /* Zakitenem-Prefix.pch */,
			);
			name = "Supporting Files";
			sourceTree = "<group>";
		};
		9912EEF41987AFB600E61777 /* External */ = {
			isa = PBXGroup;
			children = (
				9911048219A5D7A100D2C12E /* GKCropImage */,
				999F30B019922511008CB0AD /* cache */,
				9912EEF51987AFB600E61777 /* GAE */,
			);
			path = External;
			sourceTree = "<group>";
		};
		9912EEF51987AFB600E61777 /* GAE */ = {
			isa = PBXGroup;
			children = (
				9912EFD61987B0B600E61777 /* APIlib */,
				9912EF081987AFB600E61777 /* GTLDefines.h */,
				9912EF0D1987AFB600E61777 /* HTTPFetcher */,
				9912EF251987AFB600E61777 /* OAuth2 */,
				9912EF321987AFB600E61777 /* Objects */,
				9912EF451987AFB600E61777 /* Utilities */,
			);
			path = GAE;
			sourceTree = "<group>";
		};
		9912EF0D1987AFB600E61777 /* HTTPFetcher */ = {
			isa = PBXGroup;
			children = (
				9912EF0E1987AFB600E61777 /* GTMGatherInputStream.h */,
				9912EF0F1987AFB600E61777 /* GTMGatherInputStream.m */,
				9912EF101987AFB600E61777 /* GTMHTTPFetcher.h */,
				9912EF111987AFB600E61777 /* GTMHTTPFetcher.m */,
				9912EF121987AFB600E61777 /* GTMHTTPFetcher.xcodeproj */,
				9912EF151987AFB600E61777 /* GTMHTTPFetcherLogging.h */,
				9912EF161987AFB600E61777 /* GTMHTTPFetcherLogging.m */,
				9912EF171987AFB600E61777 /* GTMHTTPFetcherLogViewController.h */,
				9912EF181987AFB600E61777 /* GTMHTTPFetcherLogViewController.m */,
				9912EF191987AFB600E61777 /* GTMHTTPFetcherService.h */,
				9912EF1A1987AFB600E61777 /* GTMHTTPFetcherService.m */,
				9912EF1B1987AFB600E61777 /* GTMHTTPFetchHistory.h */,
				9912EF1C1987AFB600E61777 /* GTMHTTPFetchHistory.m */,
				9912EF1D1987AFB600E61777 /* GTMHTTPUploadFetcher.h */,
				9912EF1E1987AFB600E61777 /* GTMHTTPUploadFetcher.m */,
				9912EF1F1987AFB600E61777 /* GTMMIMEDocument.h */,
				9912EF201987AFB600E61777 /* GTMMIMEDocument.m */,
				9912EF211987AFB600E61777 /* GTMReadMonitorInputStream.h */,
				9912EF221987AFB600E61777 /* GTMReadMonitorInputStream.m */,
				9912EF231987AFB600E61777 /* ReleaseNotes.txt */,
				9912EF241987AFB600E61777 /* UnitTests-Info.plist */,
			);
			path = HTTPFetcher;
			sourceTree = "<group>";
		};
		9912EF131987AFB600E61777 /* Products */ = {
			isa = PBXGroup;
			children = (
				9912EF791987AFB600E61777 /* libGTMHTTPFetcher.a */,
				9912EF7B1987AFB600E61777 /* UnitTests.xctest */,
			);
			name = Products;
			sourceTree = "<group>";
		};
		9912EF251987AFB600E61777 /* OAuth2 */ = {
			isa = PBXGroup;
			children = (
				9912EF261987AFB600E61777 /* GTMOAuth2.xcodeproj */,
				9912EF291987AFB600E61777 /* GTMOAuth2Authentication.h */,
				9912EF2A1987AFB600E61777 /* GTMOAuth2Authentication.m */,
				9912EF2B1987AFB600E61777 /* GTMOAuth2SignIn.h */,
				9912EF2C1987AFB600E61777 /* GTMOAuth2SignIn.m */,
				9912EF2D1987AFB600E61777 /* ReleaseNotes.txt */,
				9912EF2E1987AFB600E61777 /* Touch */,
			);
			path = OAuth2;
			sourceTree = "<group>";
		};
		9912EF271987AFB600E61777 /* Products */ = {
			isa = PBXGroup;
			children = (
				9912EF811987AFB600E61777 /* libOAuthTouch2.a */,
				9912EF831987AFB600E61777 /* libOAuthTouch2NG.a */,
			);
			name = Products;
			sourceTree = "<group>";
		};
		9912EF2E1987AFB600E61777 /* Touch */ = {
			isa = PBXGroup;
			children = (
				9912EF2F1987AFB600E61777 /* GTMOAuth2ViewControllerTouch.h */,
				9912EF301987AFB600E61777 /* GTMOAuth2ViewControllerTouch.m */,
				9912EF311987AFB600E61777 /* GTMOAuth2ViewTouch.xib */,
			);
			path = Touch;
			sourceTree = "<group>";
		};
		9912EF321987AFB600E61777 /* Objects */ = {
			isa = PBXGroup;
			children = (
				9912EF331987AFB600E61777 /* GTLBatchQuery.h */,
				9912EF341987AFB600E61777 /* GTLBatchQuery.m */,
				9912EF351987AFB600E61777 /* GTLBatchResult.h */,
				9912EF361987AFB600E61777 /* GTLBatchResult.m */,
				9912EF371987AFB600E61777 /* GTLDateTime.h */,
				9912EF381987AFB600E61777 /* GTLDateTime.m */,
				9912EF391987AFB600E61777 /* GTLErrorObject.h */,
				9912EF3A1987AFB600E61777 /* GTLErrorObject.m */,
				9912EF3B1987AFB600E61777 /* GTLObject.h */,
				9912EF3C1987AFB600E61777 /* GTLObject.m */,
				9912EF3D1987AFB600E61777 /* GTLQuery.h */,
				9912EF3E1987AFB600E61777 /* GTLQuery.m */,
				9912EF3F1987AFB600E61777 /* GTLRuntimeCommon.h */,
				9912EF401987AFB600E61777 /* GTLRuntimeCommon.m */,
				9912EF411987AFB600E61777 /* GTLService.h */,
				9912EF421987AFB600E61777 /* GTLService.m */,
				9912EF431987AFB600E61777 /* GTLUploadParameters.h */,
				9912EF441987AFB600E61777 /* GTLUploadParameters.m */,
			);
			path = Objects;
			sourceTree = "<group>";
		};
		9912EF451987AFB600E61777 /* Utilities */ = {
			isa = PBXGroup;
			children = (
				9912EF461987AFB600E61777 /* GTLBase64.h */,
				9912EF471987AFB600E61777 /* GTLBase64.m */,
				9912EF481987AFB600E61777 /* GTLFramework.h */,
				9912EF491987AFB600E61777 /* GTLFramework.m */,
				9912EF4A1987AFB600E61777 /* GTLJSONParser.h */,
				9912EF4B1987AFB600E61777 /* GTLJSONParser.m */,
				9912EF4C1987AFB600E61777 /* GTLTargetNamespace.h */,
				9912EF4D1987AFB600E61777 /* GTLUtilities.h */,
				9912EF4E1987AFB600E61777 /* GTLUtilities.m */,
			);
			path = Utilities;
			sourceTree = "<group>";
		};
		9912EF841987AFC500E61777 /* Utils */ = {
			isa = PBXGroup;
			children = (
				9912EF851987AFC500E61777 /* DataUtils */,
				9912EF8C1987AFC500E61777 /* def_utils.h */,
				9912EF8D1987AFC500E61777 /* Network */,
				9912EF901987AFC500E61777 /* Utils.h */,
				9912EF911987AFC500E61777 /* Utils.m */,
				9912EF921987AFC500E61777 /* VCUtils */,
				9912EF971987AFC500E61777 /* ViewUtils */,
			);
			path = Utils;
			sourceTree = "<group>";
		};
		9912EF851987AFC500E61777 /* DataUtils */ = {
			isa = PBXGroup;
			children = (
				9912EF861987AFC500E61777 /* NSDictionary+APIErrors.h */,
				9912EF871987AFC500E61777 /* NSDictionary+APIErrors.m */,
				9912EF881987AFC500E61777 /* NSError+Helpers.h */,
				9912EF891987AFC500E61777 /* NSError+Helpers.m */,
				9912EF8A1987AFC500E61777 /* NSString+Helpers.h */,
				9912EF8B1987AFC500E61777 /* NSString+Helpers.m */,
			);
			path = DataUtils;
			sourceTree = "<group>";
		};
		9912EF8D1987AFC500E61777 /* Network */ = {
			isa = PBXGroup;
			children = (
				9912EF8E1987AFC500E61777 /* Reachability.h */,
				9912EF8F1987AFC500E61777 /* Reachability.m */,
			);
			path = Network;
			sourceTree = "<group>";
		};
		9912EF921987AFC500E61777 /* VCUtils */ = {
			isa = PBXGroup;
			children = (
				9912EF931987AFC500E61777 /* UIViewController+dismissSelf.h */,
				9912EF941987AFC500E61777 /* UIViewController+dismissSelf.m */,
				9912EF951987AFC500E61777 /* UIViewController+Lock.h */,
				9912EF961987AFC500E61777 /* UIViewController+Lock.m */,
			);
			path = VCUtils;
			sourceTree = "<group>";
		};
		9912EF971987AFC500E61777 /* ViewUtils */ = {
			isa = PBXGroup;
			children = (
				9912EF981987AFC500E61777 /* BorderedTextField.h */,
				9912EF991987AFC500E61777 /* BorderedTextField.m */,
				9912EF9A1987AFC500E61777 /* GUIUtils.h */,
				9912EF9B1987AFC500E61777 /* LoadingView.h */,
				9912EF9C1987AFC500E61777 /* LoadingView.m */,
				9912EF9D1987AFC500E61777 /* LoadingView.xib */,
				9912EF9E1987AFC500E61777 /* MAOKit */,
				9912EFAB1987AFC500E61777 /* MenuBarButtonItem.h */,
				9912EFAC1987AFC500E61777 /* MenuBarButtonItem.m */,
				9912EFAD1987AFC500E61777 /* NSMutableAttributedString+Attributes.h */,
				9912EFAE1987AFC500E61777 /* NSMutableAttributedString+Attributes.m */,
				9912EFAF1987AFC500E61777 /* NSString+formattedText.h */,
				9912EFB01987AFC500E61777 /* NSString+formattedText.m */,
				9912EFB11987AFC500E61777 /* PhoneTextField.h */,
				9912EFB21987AFC500E61777 /* PhoneTextField.m */,
				9912EFB31987AFC500E61777 /* UIImage+TintColor.h */,
				9912EFB41987AFC500E61777 /* UIImage+TintColor.m */,
				9912EFB51987AFC500E61777 /* UIImage+Tools.h */,
				9912EFB61987AFC500E61777 /* UIImage+Tools.m */,
				9912EFB71987AFC500E61777 /* UILabel+formattedText.h */,
				9912EFB81987AFC500E61777 /* UILabel+formattedText.m */,
				9912EFB91987AFC500E61777 /* UILabel+SizeToFit.h */,
				9912EFBA1987AFC500E61777 /* UILabel+SizeToFit.m */,
				9912EFBB1987AFC500E61777 /* UIView+NibLoading.h */,
				9912EFBC1987AFC500E61777 /* UIView+NibLoading.m */,
			);
			path = ViewUtils;
			sourceTree = "<group>";
		};
		9912EF9E1987AFC500E61777 /* MAOKit */ = {
			isa = PBXGroup;
			children = (
				9912EF9F1987AFC500E61777 /* MAOInputAccessoryView.h */,
				9912EFA01987AFC500E61777 /* MAOInputAccessoryView.m */,
				9912EFA11987AFC500E61777 /* MAOKeyboardHelper.h */,
				9912EFA21987AFC500E61777 /* MAOKeyboardHelper.m */,
				9912EFA31987AFC500E61777 /* UIColor+maoConversion.h */,
				9912EFA41987AFC500E61777 /* UIColor+maoConversion.m */,
				9912EFA51987AFC500E61777 /* UIView+maoAnimation.h */,
				9912EFA61987AFC500E61777 /* UIView+maoAnimation.m */,
				9912EFA71987AFC500E61777 /* UIView+maoDimensions.h */,
				9912EFA81987AFC500E61777 /* UIView+maoDimensions.m */,
				9912EFA91987AFC500E61777 /* UIView+maoLayerAccess.h */,
				9912EFAA1987AFC500E61777 /* UIView+maoLayerAccess.m */,
			);
			path = MAOKit;
			sourceTree = "<group>";
		};
		9912EFD61987B0B600E61777 /* APIlib */ = {
			isa = PBXGroup;
			children = (
				991104E219A6024100D2C12E /* GTLApiForecastMessageSpot.h */,
				991104E319A6024100D2C12E /* GTLApiForecastMessageSpot.m */,
				991104E419A6024100D2C12E /* GTLApiForecastMessageSpotList.h */,
				991104E519A6024100D2C12E /* GTLApiForecastMessageSpotList.m */,
				9912EFD71987B0B600E61777 /* GTLApi.h */,
				9912EFD81987B0B600E61777 /* GTLApiConstants.h */,
				9912EFD91987B0B600E61777 /* GTLApiConstants.m */,
				9912EFDA1987B0B600E61777 /* GTLApiUserMessageLoginInfo.h */,
				9912EFDB1987B0B600E61777 /* GTLApiUserMessageLoginInfo.m */,
				9912EFDC1987B0B600E61777 /* GTLApiUserMessagePasswordRequsest.h */,
				9912EFDD1987B0B600E61777 /* GTLApiUserMessagePasswordRequsest.m */,
				9912EFDE1987B0B600E61777 /* GTLApiUserMessageSession.h */,
				9912EFDF1987B0B600E61777 /* GTLApiUserMessageSession.m */,
				9912EFE01987B0B600E61777 /* GTLApiUserMessageTools.h */,
				9912EFE11987B0B600E61777 /* GTLApiUserMessageTools.m */,
				9912EFE21987B0B600E61777 /* GTLApiUserMessageUser.h */,
				9912EFE31987B0B600E61777 /* GTLApiUserMessageUser.m */,
				999F30C61998DD69008CB0AD /* GTLApiUserMessageRegion.h */,
				999F30C71998DD69008CB0AD /* GTLApiUserMessageRegion.m */,
				999F30C81998DD69008CB0AD /* GTLApiUserMessageRegionList.h */,
				999F30C91998DD69008CB0AD /* GTLApiUserMessageRegionList.m */,
				9912EFE41987B0B600E61777 /* GTLQueryApi.h */,
				9912EFE51987B0B600E61777 /* GTLQueryApi.m */,
				9912EFE61987B0B600E61777 /* GTLServiceApi.h */,
				9912EFE71987B0B600E61777 /* GTLServiceApi.m */,
			);
			path = APIlib;
			sourceTree = "<group>";
		};
		999DF94D19B9F26A000534F5 /* Plan */ = {
			isa = PBXGroup;
			children = (
				999DF94E19B9F27E000534F5 /* PlanVC.h */,
				999DF94F19B9F27E000534F5 /* PlanVC.m */,
				999DF95019B9F27E000534F5 /* PlanVC.xib */,
				999DF95319B9F452000534F5 /* CellPlan.h */,
				999DF95419B9F452000534F5 /* CellPlan.m */,
				999DF95519B9F452000534F5 /* CellPlan.xib */,
			);
			path = Plan;
			sourceTree = "<group>";
		};
		999F30861990EEA1008CB0AD /* Resources */ = {
			isa = PBXGroup;
			children = (
				999F308D1990EEB4008CB0AD /* Forecasts */,
			);
			path = Resources;
			sourceTree = SOURCE_ROOT;
		};
		999F308D1990EEB4008CB0AD /* Forecasts */ = {
			isa = PBXGroup;
			children = (
				999F308E1990EEB4008CB0AD /* Barnaul_Aviator.html */,
				999F308F1990EEB4008CB0AD /* Berdsk.html */,
				999F30901990EEB4008CB0AD /* Bistrovka.html */,
				999F30911990EEB4008CB0AD /* Gorkoe_Kamen.html */,
				999F30921990EEB4008CB0AD /* Krasnyi_Yar.html */,
				999F30931990EEB4008CB0AD /* Lazurnay.html */,
				999F30941990EEB4008CB0AD /* Neokom.html */,
				999F30951990EEB4008CB0AD /* Novichiha.html */,
				999F30961990EEB4008CB0AD /* Omsk.html */,
				999F30971990EEB4008CB0AD /* Savvushka.html */,
				999F30981990EEB4008CB0AD /* Topolnoe.html */,
			);
			name = Forecasts;
			path = Model;
			sourceTree = "<group>";
		};
		999F30B019922511008CB0AD /* cache */ = {
			isa = PBXGroup;
			children = (
				999F30B11992251C008CB0AD /* RNCachingURLProtocol.h */,
				999F30B21992251C008CB0AD /* RNCachingURLProtocol.m */,
			);
			path = cache;
			sourceTree = "<group>";
		};
		999F30B41998D88E008CB0AD /* User */ = {
			isa = PBXGroup;
			children = (
				999F30B51998D88E008CB0AD /* AuthVC.h */,
				999F30B61998D88E008CB0AD /* AuthVC.m */,
				999F30B71998D88E008CB0AD /* AuthVC.xib */,
				999F30C11998D8AB008CB0AD /* UserUpdateVC.h */,
				999F30C21998D8AB008CB0AD /* UserUpdateVC.m */,
				999F30C31998D8AB008CB0AD /* UserUpdateVC.xib */,
				991104E819AB170F00D2C12E /* UserUpdateVCLogin.xib */,
				999F30B81998D88E008CB0AD /* Model */,
			);
			path = User;
			sourceTree = "<group>";
		};
		999F30B81998D88E008CB0AD /* Model */ = {
			isa = PBXGroup;
			children = (
				999F30B91998D88E008CB0AD /* APNSManager.h */,
				999F30BA1998D88E008CB0AD /* APNSManager.m */,
				999F30BB1998D88E008CB0AD /* UserManager.h */,
				999F30BC1998D88E008CB0AD /* UserManager.m */,
				99A51F06199A004600328CE7 /* GTLApiUserMessageUser+Wrapper.h */,
				99A51F07199A004600328CE7 /* GTLApiUserMessageUser+Wrapper.m */,
			);
			path = Model;
			sourceTree = "<group>";
		};
		99E872D51990A78F0099C3BC /* InternalUtils */ = {
			isa = PBXGroup;
			children = (
				99E872D61990A7A30099C3BC /* constants.h */,
			);
			path = InternalUtils;
			sourceTree = "<group>";
		};
		99E872DE1990D33E0099C3BC /* Forecast */ = {
			isa = PBXGroup;
			children = (
				9911050E19B8364700D2C12E /* Model */,
				99E872DF1990D3590099C3BC /* ForecastsVC.h */,
				99E872E01990D3590099C3BC /* ForecastsVC.m */,
				99E872E11990D3590099C3BC /* ForecastsVC.xib */,
				9911050319B5BD3800D2C12E /* CellForecast.h */,
				9911050419B5BD3800D2C12E /* CellForecast.m */,
				9911050519B5BD3800D2C12E /* CellForecast.xib */,
			);
			path = Forecast;
			sourceTree = "<group>";
		};
/* End PBXGroup section */

/* Begin PBXNativeTarget section */
		9912EEBB1987ABED00E61777 /* Zakitenem */ = {
			isa = PBXNativeTarget;
			buildConfigurationList = 9912EEE81987ABED00E61777 /* Build configuration list for PBXNativeTarget "Zakitenem" */;
			buildPhases = (
				808F2CB97F354A0C833E5AB0 /* Check Pods Manifest.lock */,
				9912EEB81987ABED00E61777 /* Sources */,
				9912EEB91987ABED00E61777 /* Frameworks */,
				9912EEBA1987ABED00E61777 /* Resources */,
				2B088323A3134924A2103C65 /* Copy Pods Resources */,
			);
			buildRules = (
			);
			dependencies = (
			);
			name = Zakitenem;
			productName = Zakitenem;
			productReference = 9912EEBC1987ABED00E61777 /* Zakitenem.app */;
			productType = "com.apple.product-type.application";
		};
/* End PBXNativeTarget section */

/* Begin PBXProject section */
		9912EEB41987ABED00E61777 /* Project object */ = {
			isa = PBXProject;
			attributes = {
				LastUpgradeCheck = 0510;
				TargetAttributes = {
					9912EEBB1987ABED00E61777 = {
						DevelopmentTeam = WJ4DT67S8G;
					};
				};
			};
			buildConfigurationList = 9912EEB71987ABED00E61777 /* Build configuration list for PBXProject "Zakitenem" */;
			compatibilityVersion = "Xcode 3.2";
			developmentRegion = English;
			hasScannedForEncodings = 0;
			knownRegions = (
				en,
				ru,
			);
			mainGroup = 9912EEB31987ABED00E61777;
			productRefGroup = 9912EEBD1987ABED00E61777 /* Products */;
			projectDirPath = "";
			projectReferences = (
				{
					ProductGroup = 9912EF131987AFB600E61777 /* Products */;
					ProjectRef = 9912EF121987AFB600E61777 /* GTMHTTPFetcher.xcodeproj */;
				},
				{
					ProductGroup = 9912EF271987AFB600E61777 /* Products */;
					ProjectRef = 9912EF261987AFB600E61777 /* GTMOAuth2.xcodeproj */;
				},
			);
			projectRoot = "";
			targets = (
				9912EEBB1987ABED00E61777 /* Zakitenem */,
			);
		};
/* End PBXProject section */

/* Begin PBXReferenceProxy section */
		9912EF791987AFB600E61777 /* libGTMHTTPFetcher.a */ = {
			isa = PBXReferenceProxy;
			fileType = archive.ar;
			path = libGTMHTTPFetcher.a;
			remoteRef = 9912EF781987AFB600E61777 /* PBXContainerItemProxy */;
			sourceTree = BUILT_PRODUCTS_DIR;
		};
		9912EF7B1987AFB600E61777 /* UnitTests.xctest */ = {
			isa = PBXReferenceProxy;
			fileType = wrapper.cfbundle;
			path = UnitTests.xctest;
			remoteRef = 9912EF7A1987AFB600E61777 /* PBXContainerItemProxy */;
			sourceTree = BUILT_PRODUCTS_DIR;
		};
		9912EF811987AFB600E61777 /* libOAuthTouch2.a */ = {
			isa = PBXReferenceProxy;
			fileType = archive.ar;
			path = libOAuthTouch2.a;
			remoteRef = 9912EF801987AFB600E61777 /* PBXContainerItemProxy */;
			sourceTree = BUILT_PRODUCTS_DIR;
		};
		9912EF831987AFB600E61777 /* libOAuthTouch2NG.a */ = {
			isa = PBXReferenceProxy;
			fileType = archive.ar;
			path = libOAuthTouch2NG.a;
			remoteRef = 9912EF821987AFB600E61777 /* PBXContainerItemProxy */;
			sourceTree = BUILT_PRODUCTS_DIR;
		};
/* End PBXReferenceProxy section */

/* Begin PBXResourcesBuildPhase section */
		9912EEBA1987ABED00E61777 /* Resources */ = {
			isa = PBXResourcesBuildPhase;
			buildActionMask = 2147483647;
			files = (
				999DF95719B9F452000534F5 /* CellPlan.xib in Resources */,
				999F309B1990EEB4008CB0AD /* Bistrovka.html in Resources */,
				999F309C1990EEB4008CB0AD /* Gorkoe_Kamen.html in Resources */,
				999F30A31990EEB4008CB0AD /* Topolnoe.html in Resources */,
				9912EF681987AFB600E61777 /* GTMOAuth2ViewTouch.xib in Resources */,
				999F309E1990EEB4008CB0AD /* Lazurnay.html in Resources */,
				999F30A21990EEB4008CB0AD /* Savvushka.html in Resources */,
				9912EECA1987ABED00E61777 /* InfoPlist.strings in Resources */,
				999F30A11990EEB4008CB0AD /* Omsk.html in Resources */,
				999F30BE1998D88E008CB0AD /* AuthVC.xib in Resources */,
				9912EEF31987AFA500E61777 /* Localizable.strings in Resources */,
				991104E919AB170F00D2C12E /* UserUpdateVCLogin.xib in Resources */,
				9912EF661987AFB600E61777 /* ReleaseNotes.txt in Resources */,
				999F30991990EEB4008CB0AD /* Barnaul_Aviator.html in Resources */,
				999DF95219B9F27E000534F5 /* PlanVC.xib in Resources */,
				9912EF621987AFB600E61777 /* ReleaseNotes.txt in Resources */,
				999F30A01990EEB4008CB0AD /* Novichiha.html in Resources */,
				9912EEF21987AFA500E61777 /* InfoPlist.strings in Resources */,
				9912EFC61987AFC500E61777 /* LoadingView.xib in Resources */,
				9912EF631987AFB600E61777 /* UnitTests-Info.plist in Resources */,
				999F309A1990EEB4008CB0AD /* Berdsk.html in Resources */,
				9912EED21987ABED00E61777 /* Images.xcassets in Resources */,
				99E872E31990D3590099C3BC /* ForecastsVC.xib in Resources */,
				999F30C51998D8AB008CB0AD /* UserUpdateVC.xib in Resources */,
				999F309D1990EEB4008CB0AD /* Krasnyi_Yar.html in Resources */,
				9911050719B5BD3800D2C12E /* CellForecast.xib in Resources */,
				999F309F1990EEB4008CB0AD /* Neokom.html in Resources */,
			);
			runOnlyForDeploymentPostprocessing = 0;
		};
/* End PBXResourcesBuildPhase section */

/* Begin PBXShellScriptBuildPhase section */
		2B088323A3134924A2103C65 /* Copy Pods Resources */ = {
			isa = PBXShellScriptBuildPhase;
			buildActionMask = 2147483647;
			files = (
			);
			inputPaths = (
			);
			name = "Copy Pods Resources";
			outputPaths = (
			);
			runOnlyForDeploymentPostprocessing = 0;
			shellPath = /bin/sh;
			shellScript = "\"${SRCROOT}/Pods/Pods-resources.sh\"\n";
			showEnvVarsInLog = 0;
		};
		808F2CB97F354A0C833E5AB0 /* Check Pods Manifest.lock */ = {
			isa = PBXShellScriptBuildPhase;
			buildActionMask = 2147483647;
			files = (
			);
			inputPaths = (
			);
			name = "Check Pods Manifest.lock";
			outputPaths = (
			);
			runOnlyForDeploymentPostprocessing = 0;
			shellPath = /bin/sh;
			shellScript = "diff \"${PODS_ROOT}/../Podfile.lock\" \"${PODS_ROOT}/Manifest.lock\" > /dev/null\nif [[ $? != 0 ]] ; then\n    cat << EOM\nerror: The sandbox is not in sync with the Podfile.lock. Run 'pod install' or update your CocoaPods installation.\nEOM\n    exit 1\nfi\n";
			showEnvVarsInLog = 0;
		};
/* End PBXShellScriptBuildPhase section */

/* Begin PBXSourcesBuildPhase section */
		9912EEB81987ABED00E61777 /* Sources */ = {
			isa = PBXSourcesBuildPhase;
			buildActionMask = 2147483647;
			files = (
				9912EFD41987AFC500E61777 /* UILabel+SizeToFit.m in Sources */,
				9912EF5C1987AFB600E61777 /* GTMHTTPFetcherLogViewController.m in Sources */,
				999F30C01998D88E008CB0AD /* UserManager.m in Sources */,
				9911049119A5D7A100D2C12E /* GKImageCropView.m in Sources */,
				999F30BF1998D88E008CB0AD /* APNSManager.m in Sources */,
				999F30CB1998DD69008CB0AD /* GTLApiUserMessageRegionList.m in Sources */,
				9912EFCF1987AFC500E61777 /* NSString+formattedText.m in Sources */,
				999F30B31992251C008CB0AD /* RNCachingURLProtocol.m in Sources */,
				9912EF6B1987AFB600E61777 /* GTLDateTime.m in Sources */,
				9911051119B8365900D2C12E /* GTLApiForecastMessageSpot+Wrapper.m in Sources */,
				9912EF6E1987AFB600E61777 /* GTLQuery.m in Sources */,
				9912EF6C1987AFB600E61777 /* GTLErrorObject.m in Sources */,
				9912EF671987AFB600E61777 /* GTMOAuth2ViewControllerTouch.m in Sources */,
				9912EF6D1987AFB600E61777 /* GTLObject.m in Sources */,
				9912EFD21987AFC500E61777 /* UIImage+Tools.m in Sources */,
				9912EFC81987AFC500E61777 /* MAOKeyboardHelper.m in Sources */,
				9912EFD01987AFC500E61777 /* PhoneTextField.m in Sources */,
				9911048F19A5D7A100D2C12E /* GKCropBorderView.m in Sources */,
				9912EFC41987AFC500E61777 /* BorderedTextField.m in Sources */,
				9912EFBE1987AFC500E61777 /* NSError+Helpers.m in Sources */,
				9912EF721987AFB600E61777 /* GTLBase64.m in Sources */,
				9912EF5B1987AFB600E61777 /* GTMHTTPFetcherLogging.m in Sources */,
				9912EFEA1987B0B600E61777 /* GTLApiUserMessagePasswordRequsest.m in Sources */,
				9912EF691987AFB600E61777 /* GTLBatchQuery.m in Sources */,
				9912EF5E1987AFB600E61777 /* GTMHTTPFetchHistory.m in Sources */,
				9911049419A5D7A100D2C12E /* GKResizeableCropOverlayView.m in Sources */,
				9912EFCA1987AFC500E61777 /* UIView+maoAnimation.m in Sources */,
				9912EFBF1987AFC500E61777 /* NSString+Helpers.m in Sources */,
				9912EFC51987AFC500E61777 /* LoadingView.m in Sources */,
				9912EF601987AFB600E61777 /* GTMMIMEDocument.m in Sources */,
				999F30BD1998D88E008CB0AD /* AuthVC.m in Sources */,
				999DF95119B9F27E000534F5 /* PlanVC.m in Sources */,
				999DF95619B9F452000534F5 /* CellPlan.m in Sources */,
				9911049019A5D7A100D2C12E /* GKImageCropOverlayView.m in Sources */,
				9912EF5A1987AFB600E61777 /* GTMHTTPFetcher.m in Sources */,
				9912EFCB1987AFC500E61777 /* UIView+maoDimensions.m in Sources */,
				999F30C41998D8AB008CB0AD /* UserUpdateVC.m in Sources */,
				9912EFC71987AFC500E61777 /* MAOInputAccessoryView.m in Sources */,
				9912EFC31987AFC500E61777 /* UIViewController+Lock.m in Sources */,
				9912EFEF1987B0B600E61777 /* GTLServiceApi.m in Sources */,
				9912EF611987AFB600E61777 /* GTMReadMonitorInputStream.m in Sources */,
				99E872E21990D3590099C3BC /* ForecastsVC.m in Sources */,
				9912EFEB1987B0B600E61777 /* GTLApiUserMessageSession.m in Sources */,
				9912EFC91987AFC500E61777 /* UIColor+maoConversion.m in Sources */,
				9912EFE91987B0B600E61777 /* GTLApiUserMessageLoginInfo.m in Sources */,
				9912EFD51987AFC500E61777 /* UIView+NibLoading.m in Sources */,
				9912EF6A1987AFB600E61777 /* GTLBatchResult.m in Sources */,
				991104E619A6024100D2C12E /* GTLApiForecastMessageSpot.m in Sources */,
				9912EFEE1987B0B600E61777 /* GTLQueryApi.m in Sources */,
				9911050619B5BD3800D2C12E /* CellForecast.m in Sources */,
				9912EF731987AFB600E61777 /* GTLFramework.m in Sources */,
				9912EF641987AFB600E61777 /* GTMOAuth2Authentication.m in Sources */,
				9911049319A5D7A100D2C12E /* GKImagePicker.m in Sources */,
				9912EECC1987ABED00E61777 /* main.m in Sources */,
				9912EF651987AFB600E61777 /* GTMOAuth2SignIn.m in Sources */,
				9912EFEC1987B0B600E61777 /* GTLApiUserMessageTools.m in Sources */,
				9912EF741987AFB600E61777 /* GTLJSONParser.m in Sources */,
				9912EFED1987B0B600E61777 /* GTLApiUserMessageUser.m in Sources */,
				9912EFCE1987AFC500E61777 /* NSMutableAttributedString+Attributes.m in Sources */,
				9912EFCD1987AFC500E61777 /* MenuBarButtonItem.m in Sources */,
				9912EF6F1987AFB600E61777 /* GTLRuntimeCommon.m in Sources */,
				999F30CA1998DD69008CB0AD /* GTLApiUserMessageRegion.m in Sources */,
				9912EFD31987AFC500E61777 /* UILabel+formattedText.m in Sources */,
				9912EF711987AFB600E61777 /* GTLUploadParameters.m in Sources */,
				9912EFC11987AFC500E61777 /* Utils.m in Sources */,
				991104E719A6024100D2C12E /* GTLApiForecastMessageSpotList.m in Sources */,
				9912EF591987AFB600E61777 /* GTMGatherInputStream.m in Sources */,
				9912EFE81987B0B600E61777 /* GTLApiConstants.m in Sources */,
				9911049819A5D9F600D2C12E /* AppDelegate.m in Sources */,
				9912EFD11987AFC500E61777 /* UIImage+TintColor.m in Sources */,
				9912EF5F1987AFB600E61777 /* GTMHTTPUploadFetcher.m in Sources */,
				99A51F08199A004600328CE7 /* GTLApiUserMessageUser+Wrapper.m in Sources */,
				9912EFBD1987AFC500E61777 /* NSDictionary+APIErrors.m in Sources */,
				9912EFCC1987AFC500E61777 /* UIView+maoLayerAccess.m in Sources */,
				9912EFC21987AFC500E61777 /* UIViewController+dismissSelf.m in Sources */,
				9912EF751987AFB600E61777 /* GTLUtilities.m in Sources */,
				9912EF5D1987AFB600E61777 /* GTMHTTPFetcherService.m in Sources */,
				9912EFC01987AFC500E61777 /* Reachability.m in Sources */,
				9911049219A5D7A100D2C12E /* GKImageCropViewController.m in Sources */,
				9912EF701987AFB600E61777 /* GTLService.m in Sources */,
			);
			runOnlyForDeploymentPostprocessing = 0;
		};
/* End PBXSourcesBuildPhase section */

/* Begin PBXVariantGroup section */
		9912EEC81987ABED00E61777 /* InfoPlist.strings */ = {
			isa = PBXVariantGroup;
			children = (
				9912EEC91987ABED00E61777 /* en */,
			);
			name = InfoPlist.strings;
			sourceTree = "<group>";
		};
		9912EEEE1987AFA500E61777 /* InfoPlist.strings */ = {
			isa = PBXVariantGroup;
			children = (
				9912EEEF1987AFA500E61777 /* ru */,
			);
			name = InfoPlist.strings;
			sourceTree = "<group>";
		};
		9912EEF01987AFA500E61777 /* Localizable.strings */ = {
			isa = PBXVariantGroup;
			children = (
				9912EEF11987AFA500E61777 /* ru */,
				99E872D41990A7270099C3BC /* en */,
			);
			name = Localizable.strings;
			sourceTree = "<group>";
		};
/* End PBXVariantGroup section */

/* Begin XCBuildConfiguration section */
		9912EEE61987ABED00E61777 /* Debug */ = {
			isa = XCBuildConfiguration;
			buildSettings = {
				ALWAYS_SEARCH_USER_PATHS = NO;
				CLANG_CXX_LANGUAGE_STANDARD = "gnu++0x";
				CLANG_CXX_LIBRARY = "libc++";
				CLANG_ENABLE_MODULES = YES;
				CLANG_ENABLE_OBJC_ARC = YES;
				CLANG_WARN_BOOL_CONVERSION = YES;
				CLANG_WARN_CONSTANT_CONVERSION = YES;
				CLANG_WARN_DIRECT_OBJC_ISA_USAGE = YES_ERROR;
				CLANG_WARN_EMPTY_BODY = YES;
				CLANG_WARN_ENUM_CONVERSION = YES;
				CLANG_WARN_INT_CONVERSION = YES;
				CLANG_WARN_OBJC_ROOT_CLASS = YES_ERROR;
				CLANG_WARN__DUPLICATE_METHOD_MATCH = YES;
				"CODE_SIGN_IDENTITY[sdk=iphoneos*]" = "iPhone Developer";
				COPY_PHASE_STRIP = NO;
				GCC_C_LANGUAGE_STANDARD = gnu99;
				GCC_DYNAMIC_NO_PIC = NO;
				GCC_OPTIMIZATION_LEVEL = 0;
				GCC_PREPROCESSOR_DEFINITIONS = (
					"DEBUG=1",
					"$(inherited)",
				);
				GCC_SYMBOLS_PRIVATE_EXTERN = NO;
				GCC_WARN_64_TO_32_BIT_CONVERSION = YES;
				GCC_WARN_ABOUT_RETURN_TYPE = YES_ERROR;
				GCC_WARN_UNDECLARED_SELECTOR = YES;
				GCC_WARN_UNINITIALIZED_AUTOS = YES_AGGRESSIVE;
				GCC_WARN_UNUSED_FUNCTION = YES;
				GCC_WARN_UNUSED_VARIABLE = YES;
				IPHONEOS_DEPLOYMENT_TARGET = 7.1;
				ONLY_ACTIVE_ARCH = YES;
				SDKROOT = iphoneos;
				TARGETED_DEVICE_FAMILY = "1,2";
			};
			name = Debug;
		};
		9912EEE71987ABED00E61777 /* Release */ = {
			isa = XCBuildConfiguration;
			buildSettings = {
				ALWAYS_SEARCH_USER_PATHS = NO;
				CLANG_CXX_LANGUAGE_STANDARD = "gnu++0x";
				CLANG_CXX_LIBRARY = "libc++";
				CLANG_ENABLE_MODULES = YES;
				CLANG_ENABLE_OBJC_ARC = YES;
				CLANG_WARN_BOOL_CONVERSION = YES;
				CLANG_WARN_CONSTANT_CONVERSION = YES;
				CLANG_WARN_DIRECT_OBJC_ISA_USAGE = YES_ERROR;
				CLANG_WARN_EMPTY_BODY = YES;
				CLANG_WARN_ENUM_CONVERSION = YES;
				CLANG_WARN_INT_CONVERSION = YES;
				CLANG_WARN_OBJC_ROOT_CLASS = YES_ERROR;
				CLANG_WARN__DUPLICATE_METHOD_MATCH = YES;
				"CODE_SIGN_IDENTITY[sdk=iphoneos*]" = "iPhone Developer";
				COPY_PHASE_STRIP = YES;
				ENABLE_NS_ASSERTIONS = NO;
				GCC_C_LANGUAGE_STANDARD = gnu99;
				GCC_WARN_64_TO_32_BIT_CONVERSION = YES;
				GCC_WARN_ABOUT_RETURN_TYPE = YES_ERROR;
				GCC_WARN_UNDECLARED_SELECTOR = YES;
				GCC_WARN_UNINITIALIZED_AUTOS = YES_AGGRESSIVE;
				GCC_WARN_UNUSED_FUNCTION = YES;
				GCC_WARN_UNUSED_VARIABLE = YES;
				IPHONEOS_DEPLOYMENT_TARGET = 7.1;
				SDKROOT = iphoneos;
				TARGETED_DEVICE_FAMILY = "1,2";
				VALIDATE_PRODUCT = YES;
			};
			name = Release;
		};
		9912EEE91987ABED00E61777 /* Debug */ = {
			isa = XCBuildConfiguration;
			baseConfigurationReference = 5E9BB2E0A1924D3FB4A6F23B /* Pods.xcconfig */;
			buildSettings = {
				ASSETCATALOG_COMPILER_APPICON_NAME = AppIcon;
				ASSETCATALOG_COMPILER_LAUNCHIMAGE_NAME = LaunchImage;
				CODE_SIGN_IDENTITY = "Apple Development IOS Push Services: zakitenem.toto";
				"CODE_SIGN_IDENTITY[sdk=iphoneos*]" = "Apple Development IOS Push Services: zakitenem.toto";
				GCC_PRECOMPILE_PREFIX_HEADER = YES;
				GCC_PREFIX_HEADER = "Zakitenem/Zakitenem-Prefix.pch";
				INFOPLIST_FILE = "Zakitenem/Zakitenem-Info.plist";
				IPHONEOS_DEPLOYMENT_TARGET = 7.0;
				ONLY_ACTIVE_ARCH = NO;
				PRODUCT_NAME = "$(TARGET_NAME)";
				PROVISIONING_PROFILE = "8E0DDD44-18B3-4464-B9C3-D6395A9E9DCC";
				WRAPPER_EXTENSION = app;
			};
			name = Debug;
		};
		9912EEEA1987ABED00E61777 /* Release */ = {
			isa = XCBuildConfiguration;
			baseConfigurationReference = 5E9BB2E0A1924D3FB4A6F23B /* Pods.xcconfig */;
			buildSettings = {
				ASSETCATALOG_COMPILER_APPICON_NAME = AppIcon;
				ASSETCATALOG_COMPILER_LAUNCHIMAGE_NAME = LaunchImage;
				CODE_SIGN_IDENTITY = "Apple Development IOS Push Services: zakitenem.toto";
				"CODE_SIGN_IDENTITY[sdk=iphoneos*]" = "Apple Development IOS Push Services: zakitenem.toto";
				GCC_PRECOMPILE_PREFIX_HEADER = YES;
				GCC_PREFIX_HEADER = "Zakitenem/Zakitenem-Prefix.pch";
				INFOPLIST_FILE = "Zakitenem/Zakitenem-Info.plist";
				IPHONEOS_DEPLOYMENT_TARGET = 7.0;
				PRODUCT_NAME = "$(TARGET_NAME)";
				PROVISIONING_PROFILE = "8E0DDD44-18B3-4464-B9C3-D6395A9E9DCC";
				WRAPPER_EXTENSION = app;
			};
			name = Release;
		};
/* End XCBuildConfiguration section */

/* Begin XCConfigurationList section */
		9912EEB71987ABED00E61777 /* Build configuration list for PBXProject "Zakitenem" */ = {
			isa = XCConfigurationList;
			buildConfigurations = (
				9912EEE61987ABED00E61777 /* Debug */,
				9912EEE71987ABED00E61777 /* Release */,
			);
			defaultConfigurationIsVisible = 0;
			defaultConfigurationName = Release;
		};
		9912EEE81987ABED00E61777 /* Build configuration list for PBXNativeTarget "Zakitenem" */ = {
			isa = XCConfigurationList;
			buildConfigurations = (
				9912EEE91987ABED00E61777 /* Debug */,
				9912EEEA1987ABED00E61777 /* Release */,
			);
			defaultConfigurationIsVisible = 0;
			defaultConfigurationName = Release;
		};
/* End XCConfigurationList section */
	};
	rootObject = 9912EEB41987ABED00E61777 /* Project object */;
}
